{
  "version": 4,
  "terraform_version": "1.14.3",
  "serial": 30,
  "lineage": "81ab6fb7-aea2-700e-e837-a65fe75a77f1",
  "outputs": {
    "notifications_ecr_repository_url": {
      "value": "867994182412.dkr.ecr.us-east-1.amazonaws.com/pry-sandbox-notifications",
      "type": "string"
    },
    "notifications_security_group_id": {
      "value": "sg-0556f8d627240a27b",
      "type": "string"
    },
    "notifications_service_name": {
      "value": "notifications",
      "type": "string"
    }
  },
  "resources": [
    {
      "mode": "data",
      "type": "terraform_remote_state",
      "name": "ecs",
      "provider": "provider[\"terraform.io/builtin/terraform\"]",
      "instances": [
        {
          "schema_version": 0,
          "attributes": {
            "backend": "s3",
            "config": {
              "value": {
                "bucket": "zerotrust-iac-tfstate-us-east-1",
                "key": "platform/ecs/terraform.tfstate",
                "region": "us-east-1"
              },
              "type": [
                "object",
                {
                  "bucket": "string",
                  "key": "string",
                  "region": "string"
                }
              ]
            },
            "defaults": null,
            "outputs": {
              "value": {
                "ecs_cluster_name": "pry-sandbox-cluster",
                "ecs_log_group_name": "/ecs/pry/sandbox",
                "ecs_task_execution_role_arn": "arn:aws:iam::867994182412:role/pry-sandbox-ecs-exec-role",
                "ecs_task_role_arn": "arn:aws:iam::867994182412:role/pry-sandbox-ecs-task-role"
              },
              "type": [
                "object",
                {
                  "ecs_cluster_name": "string",
                  "ecs_log_group_name": "string",
                  "ecs_task_execution_role_arn": "string",
                  "ecs_task_role_arn": "string"
                }
              ]
            },
            "workspace": null
          },
          "sensitive_attributes": [],
          "identity_schema_version": 0
        }
      ]
    },
    {
      "mode": "data",
      "type": "terraform_remote_state",
      "name": "kratos",
      "provider": "provider[\"terraform.io/builtin/terraform\"]",
      "instances": [
        {
          "schema_version": 0,
          "attributes": {
            "backend": "s3",
            "config": {
              "value": {
                "bucket": "zerotrust-iac-tfstate-us-east-1",
                "key": "clients/kratos/terraform.tfstate",
                "region": "us-east-1"
              },
              "type": [
                "object",
                {
                  "bucket": "string",
                  "key": "string",
                  "region": "string"
                }
              ]
            },
            "defaults": null,
            "outputs": {
              "value": {
                "aws_security_group_kratos": "sg-052248e1dedd1d592"
              },
              "type": [
                "object",
                {
                  "aws_security_group_kratos": "string"
                }
              ]
            },
            "workspace": null
          },
          "sensitive_attributes": [],
          "identity_schema_version": 0
        }
      ]
    },
    {
      "mode": "data",
      "type": "terraform_remote_state",
      "name": "vpc",
      "provider": "provider[\"terraform.io/builtin/terraform\"]",
      "instances": [
        {
          "schema_version": 0,
          "attributes": {
            "backend": "s3",
            "config": {
              "value": {
                "bucket": "zerotrust-iac-tfstate-us-east-1",
                "key": "platform/vpc/terraform.tfstate",
                "region": "us-east-1"
              },
              "type": [
                "object",
                {
                  "bucket": "string",
                  "key": "string",
                  "region": "string"
                }
              ]
            },
            "defaults": null,
            "outputs": {
              "value": {
                "aws_service_discovery_private_dns_namespace_id": "ns-pr4emqxiswh6r2l5",
                "etcd_service_discovery_arn": "arn:aws:servicediscovery:us-east-1:867994182412:service/srv-pc6nnnvkq26uqo7l",
                "private_subnet_ids": [
                  "subnet-012de15d52a6d20df",
                  "subnet-06e2b81cae7cf8e74"
                ],
                "public_subnet_ids": [
                  "subnet-0980ed20ed6989222",
                  "subnet-0f63cf63afabbeece"
                ],
                "vpc_cidr_block": "10.0.0.0/16",
                "vpc_id": "vpc-0c35b68ecca51793c"
              },
              "type": [
                "object",
                {
                  "aws_service_discovery_private_dns_namespace_id": "string",
                  "etcd_service_discovery_arn": "string",
                  "private_subnet_ids": [
                    "tuple",
                    [
                      "string",
                      "string"
                    ]
                  ],
                  "public_subnet_ids": [
                    "tuple",
                    [
                      "string",
                      "string"
                    ]
                  ],
                  "vpc_cidr_block": "string",
                  "vpc_id": "string"
                }
              ]
            },
            "workspace": null
          },
          "sensitive_attributes": [],
          "identity_schema_version": 0
        }
      ]
    },
    {
      "mode": "managed",
      "type": "aws_cloudwatch_log_group",
      "name": "notifications",
      "provider": "provider[\"registry.terraform.io/hashicorp/aws\"]",
      "instances": [
        {
          "schema_version": 0,
          "attributes": {
            "arn": "arn:aws:logs:us-east-1:867994182412:log-group:/ecs/pry-sandbox-notifications",
            "deletion_protection_enabled": false,
            "id": "/ecs/pry-sandbox-notifications",
            "kms_key_id": "",
            "log_group_class": "STANDARD",
            "name": "/ecs/pry-sandbox-notifications",
            "name_prefix": "",
            "region": "us-east-1",
            "retention_in_days": 7,
            "skip_destroy": false,
            "tags": {},
            "tags_all": {}
          },
          "sensitive_attributes": [],
          "identity_schema_version": 0,
          "identity": {
            "account_id": "867994182412",
            "name": "/ecs/pry-sandbox-notifications",
            "region": "us-east-1"
          },
          "private": "bnVsbA=="
        }
      ]
    },
    {
      "mode": "managed",
      "type": "aws_ecr_repository",
      "name": "notifications",
      "provider": "provider[\"registry.terraform.io/hashicorp/aws\"]",
      "instances": [
        {
          "schema_version": 0,
          "attributes": {
            "arn": "arn:aws:ecr:us-east-1:867994182412:repository/pry-sandbox-notifications",
            "encryption_configuration": [
              {
                "encryption_type": "AES256",
                "kms_key": ""
              }
            ],
            "force_delete": null,
            "id": "pry-sandbox-notifications",
            "image_scanning_configuration": [
              {
                "scan_on_push": true
              }
            ],
            "image_tag_mutability": "IMMUTABLE",
            "image_tag_mutability_exclusion_filter": [],
            "name": "pry-sandbox-notifications",
            "region": "us-east-1",
            "registry_id": "867994182412",
            "repository_url": "867994182412.dkr.ecr.us-east-1.amazonaws.com/pry-sandbox-notifications",
            "tags": {},
            "tags_all": {},
            "timeouts": null
          },
          "sensitive_attributes": [],
          "identity_schema_version": 0,
          "identity": {
            "account_id": "867994182412",
            "name": "pry-sandbox-notifications",
            "region": "us-east-1"
          },
          "private": "eyJlMmJmYjczMC1lY2FhLTExZTYtOGY4OC0zNDM2M2JjN2M0YzAiOnsiZGVsZXRlIjoxMjAwMDAwMDAwMDAwfX0="
        }
      ]
    },
    {
      "mode": "managed",
      "type": "aws_ecs_service",
      "name": "notifications",
      "provider": "provider[\"registry.terraform.io/hashicorp/aws\"]",
      "instances": [
        {
          "schema_version": 1,
          "attributes": {
            "alarms": [],
            "arn": "arn:aws:ecs:us-east-1:867994182412:service/pry-sandbox-cluster/notifications",
            "availability_zone_rebalancing": "DISABLED",
            "capacity_provider_strategy": [],
            "cluster": "pry-sandbox-cluster",
            "deployment_circuit_breaker": [
              {
                "enable": false,
                "rollback": false
              }
            ],
            "deployment_configuration": [
              {
                "bake_time_in_minutes": "0",
                "canary_configuration": [],
                "lifecycle_hook": [],
                "linear_configuration": [],
                "strategy": "ROLLING"
              }
            ],
            "deployment_controller": [
              {
                "type": "ECS"
              }
            ],
            "deployment_maximum_percent": 100,
            "deployment_minimum_healthy_percent": 0,
            "desired_count": 1,
            "enable_ecs_managed_tags": false,
            "enable_execute_command": true,
            "force_delete": null,
            "force_new_deployment": null,
            "health_check_grace_period_seconds": 0,
            "iam_role": "/aws-service-role/ecs.amazonaws.com/AWSServiceRoleForECS",
            "id": "arn:aws:ecs:us-east-1:867994182412:service/pry-sandbox-cluster/notifications",
            "launch_type": "FARGATE",
            "load_balancer": [],
            "name": "notifications",
            "network_configuration": [
              {
                "assign_public_ip": false,
                "security_groups": [
                  "sg-0556f8d627240a27b"
                ],
                "subnets": [
                  "subnet-012de15d52a6d20df",
                  "subnet-06e2b81cae7cf8e74"
                ]
              }
            ],
            "ordered_placement_strategy": [],
            "placement_constraints": [],
            "platform_version": "LATEST",
            "propagate_tags": "NONE",
            "region": "us-east-1",
            "scheduling_strategy": "REPLICA",
            "service_connect_configuration": [],
            "service_registries": [
              {
                "container_name": "",
                "container_port": 0,
                "port": 0,
                "registry_arn": "arn:aws:servicediscovery:us-east-1:867994182412:service/srv-pucz2iknzaxdmqah"
              }
            ],
            "sigint_rollback": null,
            "tags": {
              "Environment": "sandbox",
              "Project": "pry",
              "Service": "notifications"
            },
            "tags_all": {
              "Environment": "sandbox",
              "Project": "pry",
              "Service": "notifications"
            },
            "task_definition": "arn:aws:ecs:us-east-1:867994182412:task-definition/pry-sandbox-notifications:3",
            "timeouts": null,
            "triggers": {},
            "volume_configuration": [],
            "vpc_lattice_configurations": [],
            "wait_for_steady_state": false
          },
          "sensitive_attributes": [],
          "identity_schema_version": 0,
          "private": "eyJlMmJmYjczMC1lY2FhLTExZTYtOGY4OC0zNDM2M2JjN2M0YzAiOnsiY3JlYXRlIjoxMjAwMDAwMDAwMDAwLCJkZWxldGUiOjEyMDAwMDAwMDAwMDAsInVwZGF0ZSI6MTIwMDAwMDAwMDAwMH0sInNjaGVtYV92ZXJzaW9uIjoiMSJ9",
          "dependencies": [
            "aws_cloudwatch_log_group.notifications",
            "aws_ecs_task_definition.notifications",
            "aws_iam_role.execution",
            "aws_iam_role.task",
            "aws_security_group.notifications",
            "aws_service_discovery_service.dns-notifications",
            "data.terraform_remote_state.ecs",
            "data.terraform_remote_state.vpc"
          ]
        }
      ]
    },
    {
      "mode": "managed",
      "type": "aws_ecs_task_definition",
      "name": "notifications",
      "provider": "provider[\"registry.terraform.io/hashicorp/aws\"]",
      "instances": [
        {
          "schema_version": 1,
          "attributes": {
            "arn": "arn:aws:ecs:us-east-1:867994182412:task-definition/pry-sandbox-notifications:3",
            "arn_without_revision": "arn:aws:ecs:us-east-1:867994182412:task-definition/pry-sandbox-notifications",
            "container_definitions": "[{\"environment\":[],\"essential\":true,\"image\":\"867994182412.dkr.ecr.us-east-1.amazonaws.com/pry-sandbox-notifications:v2\",\"logConfiguration\":{\"logDriver\":\"awslogs\",\"options\":{\"awslogs-group\":\"/ecs/pry-sandbox-notifications\",\"awslogs-region\":\"us-east-1\",\"awslogs-stream-prefix\":\"ecs\"}},\"mountPoints\":[],\"name\":\"notifications\",\"portMappings\":[{\"containerPort\":8080,\"hostPort\":8080,\"protocol\":\"tcp\"}],\"systemControls\":[],\"volumesFrom\":[]}]",
            "cpu": "256",
            "enable_fault_injection": false,
            "ephemeral_storage": [],
            "execution_role_arn": "arn:aws:iam::867994182412:role/pry-sandbox-notifications-exec",
            "family": "pry-sandbox-notifications",
            "id": "pry-sandbox-notifications",
            "ipc_mode": "",
            "memory": "512",
            "network_mode": "awsvpc",
            "pid_mode": "",
            "placement_constraints": [],
            "proxy_configuration": [],
            "region": "us-east-1",
            "requires_compatibilities": [
              "FARGATE"
            ],
            "revision": 3,
            "runtime_platform": [],
            "skip_destroy": false,
            "tags": null,
            "tags_all": {},
            "task_role_arn": "arn:aws:iam::867994182412:role/pry-sandbox-notifications-task",
            "track_latest": false,
            "volume": []
          },
          "sensitive_attributes": [],
          "identity_schema_version": 0,
          "private": "eyJzY2hlbWFfdmVyc2lvbiI6IjEifQ==",
          "dependencies": [
            "aws_cloudwatch_log_group.notifications",
            "aws_iam_role.execution",
            "aws_iam_role.task"
          ]
        }
      ]
    },
    {
      "mode": "managed",
      "type": "aws_iam_role",
      "name": "execution",
      "provider": "provider[\"registry.terraform.io/hashicorp/aws\"]",
      "instances": [
        {
          "schema_version": 0,
          "attributes": {
            "arn": "arn:aws:iam::867994182412:role/pry-sandbox-notifications-exec",
            "assume_role_policy": "{\"Statement\":[{\"Action\":\"sts:AssumeRole\",\"Effect\":\"Allow\",\"Principal\":{\"Service\":\"ecs-tasks.amazonaws.com\"}}],\"Version\":\"2012-10-17\"}",
            "create_date": "2026-02-05T21:42:27Z",
            "description": "",
            "force_detach_policies": false,
            "id": "pry-sandbox-notifications-exec",
            "inline_policy": [],
            "managed_policy_arns": [
              "arn:aws:iam::aws:policy/service-role/AmazonECSTaskExecutionRolePolicy"
            ],
            "max_session_duration": 3600,
            "name": "pry-sandbox-notifications-exec",
            "name_prefix": "",
            "path": "/",
            "permissions_boundary": "",
            "tags": {},
            "tags_all": {},
            "unique_id": "AROA4UGD4EMGDA4MQDXSH"
          },
          "sensitive_attributes": [],
          "identity_schema_version": 0,
          "identity": {
            "account_id": "867994182412",
            "name": "pry-sandbox-notifications-exec"
          },
          "private": "bnVsbA=="
        }
      ]
    },
    {
      "mode": "managed",
      "type": "aws_iam_role",
      "name": "task",
      "provider": "provider[\"registry.terraform.io/hashicorp/aws\"]",
      "instances": [
        {
          "schema_version": 0,
          "attributes": {
            "arn": "arn:aws:iam::867994182412:role/pry-sandbox-notifications-task",
            "assume_role_policy": "{\"Statement\":[{\"Action\":\"sts:AssumeRole\",\"Effect\":\"Allow\",\"Principal\":{\"Service\":\"ecs-tasks.amazonaws.com\"}}],\"Version\":\"2012-10-17\"}",
            "create_date": "2026-02-05T21:42:28Z",
            "description": "",
            "force_detach_policies": false,
            "id": "pry-sandbox-notifications-task",
            "inline_policy": [],
            "managed_policy_arns": [],
            "max_session_duration": 3600,
            "name": "pry-sandbox-notifications-task",
            "name_prefix": "",
            "path": "/",
            "permissions_boundary": "",
            "tags": {},
            "tags_all": {},
            "unique_id": "AROA4UGD4EMGGKDTUNSJ3"
          },
          "sensitive_attributes": [],
          "identity_schema_version": 0,
          "identity": {
            "account_id": "867994182412",
            "name": "pry-sandbox-notifications-task"
          },
          "private": "bnVsbA==",
          "dependencies": [
            "aws_iam_role.execution"
          ]
        }
      ]
    },
    {
      "mode": "managed",
      "type": "aws_iam_role_policy_attachment",
      "name": "execution",
      "provider": "provider[\"registry.terraform.io/hashicorp/aws\"]",
      "instances": [
        {
          "schema_version": 0,
          "attributes": {
            "id": "pry-sandbox-notifications-exec/arn:aws:iam::aws:policy/service-role/AmazonECSTaskExecutionRolePolicy",
            "policy_arn": "arn:aws:iam::aws:policy/service-role/AmazonECSTaskExecutionRolePolicy",
            "role": "pry-sandbox-notifications-exec"
          },
          "sensitive_attributes": [],
          "identity_schema_version": 0,
          "identity": {
            "account_id": "867994182412",
            "policy_arn": "arn:aws:iam::aws:policy/service-role/AmazonECSTaskExecutionRolePolicy",
            "role": "pry-sandbox-notifications-exec"
          },
          "private": "bnVsbA==",
          "dependencies": [
            "aws_iam_role.execution"
          ]
        }
      ]
    },
    {
      "mode": "managed",
      "type": "aws_security_group",
      "name": "notifications",
      "provider": "provider[\"registry.terraform.io/hashicorp/aws\"]",
      "instances": [
        {
          "schema_version": 1,
          "attributes": {
            "arn": "arn:aws:ec2:us-east-1:867994182412:security-group/sg-0556f8d627240a27b",
            "description": "Allow Kratos to call notifications",
            "egress": [
              {
                "cidr_blocks": [
                  "0.0.0.0/0"
                ],
                "description": "",
                "from_port": 0,
                "ipv6_cidr_blocks": [],
                "prefix_list_ids": [],
                "protocol": "-1",
                "security_groups": [],
                "self": false,
                "to_port": 0
              }
            ],
            "id": "sg-0556f8d627240a27b",
            "ingress": [
              {
                "cidr_blocks": [],
                "description": "",
                "from_port": 8080,
                "ipv6_cidr_blocks": [],
                "prefix_list_ids": [],
                "protocol": "tcp",
                "security_groups": [
                  "sg-04e9a453b1f8b98e7"
                ],
                "self": false,
                "to_port": 8080
              },
              {
                "cidr_blocks": [],
                "description": "Allow traffic from Kratos (Explicit Rule)",
                "from_port": 8080,
                "ipv6_cidr_blocks": [],
                "prefix_list_ids": [],
                "protocol": "tcp",
                "security_groups": [
                  "sg-052248e1dedd1d592"
                ],
                "self": false,
                "to_port": 8080
              }
            ],
            "name": "pry-sandbox-notifications-sg",
            "name_prefix": "",
            "owner_id": "867994182412",
            "region": "us-east-1",
            "revoke_rules_on_delete": false,
            "tags": {},
            "tags_all": {},
            "timeouts": null,
            "vpc_id": "vpc-0c35b68ecca51793c"
          },
          "sensitive_attributes": [],
          "identity_schema_version": 0,
          "identity": {
            "account_id": "867994182412",
            "id": "sg-0556f8d627240a27b",
            "region": "us-east-1"
          },
          "private": "eyJlMmJmYjczMC1lY2FhLTExZTYtOGY4OC0zNDM2M2JjN2M0YzAiOnsiY3JlYXRlIjo2MDAwMDAwMDAwMDAsImRlbGV0ZSI6OTAwMDAwMDAwMDAwfSwic2NoZW1hX3ZlcnNpb24iOiIxIn0=",
          "dependencies": [
            "data.terraform_remote_state.vpc"
          ]
        }
      ]
    },
    {
      "mode": "managed",
      "type": "aws_security_group_rule",
      "name": "ingress_kratos_to_notifications",
      "provider": "provider[\"registry.terraform.io/hashicorp/aws\"]",
      "instances": [
        {
          "schema_version": 2,
          "attributes": {
            "cidr_blocks": null,
            "description": "Allow traffic from Kratos (Explicit Rule)",
            "from_port": 8080,
            "id": "sgrule-4085529682",
            "ipv6_cidr_blocks": null,
            "prefix_list_ids": null,
            "protocol": "tcp",
            "region": "us-east-1",
            "security_group_id": "sg-0556f8d627240a27b",
            "security_group_rule_id": "sgr-04ec789e7681558ae",
            "self": false,
            "source_security_group_id": "sg-052248e1dedd1d592",
            "timeouts": null,
            "to_port": 8080,
            "type": "ingress"
          },
          "sensitive_attributes": [],
          "identity_schema_version": 0,
          "private": "eyJlMmJmYjczMC1lY2FhLTExZTYtOGY4OC0zNDM2M2JjN2M0YzAiOnsiY3JlYXRlIjozMDAwMDAwMDAwMDB9LCJzY2hlbWFfdmVyc2lvbiI6IjIifQ==",
          "dependencies": [
            "aws_security_group.notifications",
            "data.terraform_remote_state.kratos",
            "data.terraform_remote_state.vpc"
          ]
        }
      ]
    },
    {
      "mode": "managed",
      "type": "aws_service_discovery_service",
      "name": "dns-notifications",
      "provider": "provider[\"registry.terraform.io/hashicorp/aws\"]",
      "instances": [
        {
          "index_key": 0,
          "schema_version": 0,
          "attributes": {
            "arn": "arn:aws:servicediscovery:us-east-1:867994182412:service/srv-pucz2iknzaxdmqah",
            "description": "",
            "dns_config": [
              {
                "dns_records": [
                  {
                    "ttl": 10,
                    "type": "A"
                  }
                ],
                "namespace_id": "ns-pr4emqxiswh6r2l5",
                "routing_policy": "MULTIVALUE"
              }
            ],
            "force_destroy": false,
            "health_check_config": [],
            "health_check_custom_config": [
              {
                "failure_threshold": 1
              }
            ],
            "id": "srv-pucz2iknzaxdmqah",
            "name": "dns-notifications",
            "namespace_id": "ns-pr4emqxiswh6r2l5",
            "region": "us-east-1",
            "tags": {
              "Environment": "sandbox",
              "Project": "pry",
              "Service": "dns-notifications"
            },
            "tags_all": {
              "Environment": "sandbox",
              "Project": "pry",
              "Service": "dns-notifications"
            },
            "type": "DNS_HTTP"
          },
          "sensitive_attributes": [],
          "identity_schema_version": 0,
          "private": "bnVsbA==",
          "dependencies": [
            "data.terraform_remote_state.vpc"
          ]
        }
      ]
    }
  ],
  "check_results": null
}
