{
  "version": 4,
  "terraform_version": "1.14.3",
  "serial": 6,
  "lineage": "7eb50940-ea54-0846-e411-52a8702c47f1",
  "outputs": {},
  "resources": [
    {
      "mode": "data",
      "type": "terraform_remote_state",
      "name": "ecs",
      "provider": "provider[\"terraform.io/builtin/terraform\"]",
      "instances": [
        {
          "schema_version": 0,
          "attributes": {
            "backend": "s3",
            "config": {
              "value": {
                "bucket": "zerotrust-iac-tfstate-us-east-1",
                "key": "platform/ecs/terraform.tfstate",
                "region": "us-east-1"
              },
              "type": [
                "object",
                {
                  "bucket": "string",
                  "key": "string",
                  "region": "string"
                }
              ]
            },
            "defaults": null,
            "outputs": {
              "value": {
                "ecs_cluster_name": "pry-sandbox-cluster",
                "ecs_log_group_name": "/ecs/pry/sandbox",
                "ecs_task_execution_role_arn": "arn:aws:iam::867994182412:role/pry-sandbox-ecs-exec-role",
                "ecs_task_role_arn": "arn:aws:iam::867994182412:role/pry-sandbox-ecs-task-role"
              },
              "type": [
                "object",
                {
                  "ecs_cluster_name": "string",
                  "ecs_log_group_name": "string",
                  "ecs_task_execution_role_arn": "string",
                  "ecs_task_role_arn": "string"
                }
              ]
            },
            "workspace": null
          },
          "sensitive_attributes": [],
          "identity_schema_version": 0
        }
      ]
    },
    {
      "mode": "data",
      "type": "terraform_remote_state",
      "name": "etcd",
      "provider": "provider[\"terraform.io/builtin/terraform\"]",
      "instances": [
        {
          "schema_version": 0,
          "attributes": {
            "backend": "s3",
            "config": {
              "value": {
                "bucket": "zerotrust-iac-tfstate-us-east-1",
                "key": "clients/etcd/terraform.tfstate",
                "region": "us-east-1"
              },
              "type": [
                "object",
                {
                  "bucket": "string",
                  "key": "string",
                  "region": "string"
                }
              ]
            },
            "defaults": null,
            "outputs": {
              "value": {
                "efs_id": "fs-0a873ec09ad271669",
                "etcd_endpoint": "http://pry-etcd-service:2379"
              },
              "type": [
                "object",
                {
                  "efs_id": "string",
                  "etcd_endpoint": "string"
                }
              ]
            },
            "workspace": null
          },
          "sensitive_attributes": [],
          "identity_schema_version": 0
        }
      ]
    },
    {
      "mode": "data",
      "type": "terraform_remote_state",
      "name": "gateway",
      "provider": "provider[\"terraform.io/builtin/terraform\"]",
      "instances": [
        {
          "schema_version": 0,
          "attributes": {
            "backend": "s3",
            "config": {
              "value": {
                "bucket": "zerotrust-iac-tfstate-us-east-1",
                "key": "clients/gateway/terraform.tfstate",
                "region": "us-east-1"
              },
              "type": [
                "object",
                {
                  "bucket": "string",
                  "key": "string",
                  "region": "string"
                }
              ]
            },
            "defaults": null,
            "outputs": {
              "value": {
                "gateway_nlb_dns": "nlb-gateway-5a281a456b0433f3.elb.us-east-1.amazonaws.com",
                "gateway_security_group_id": "sg-04e9a453b1f8b98e7"
              },
              "type": [
                "object",
                {
                  "gateway_nlb_dns": "string",
                  "gateway_security_group_id": "string"
                }
              ]
            },
            "workspace": null
          },
          "sensitive_attributes": [],
          "identity_schema_version": 0
        }
      ]
    },
    {
      "mode": "data",
      "type": "terraform_remote_state",
      "name": "vpc",
      "provider": "provider[\"terraform.io/builtin/terraform\"]",
      "instances": [
        {
          "schema_version": 0,
          "attributes": {
            "backend": "s3",
            "config": {
              "value": {
                "bucket": "zerotrust-iac-tfstate-us-east-1",
                "key": "platform/vpc/terraform.tfstate",
                "region": "us-east-1"
              },
              "type": [
                "object",
                {
                  "bucket": "string",
                  "key": "string",
                  "region": "string"
                }
              ]
            },
            "defaults": null,
            "outputs": {
              "value": {
                "aws_service_discovery_private_dns_namespace_id": "ns-pr4emqxiswh6r2l5",
                "etcd_service_discovery_arn": "arn:aws:servicediscovery:us-east-1:867994182412:service/srv-pc6nnnvkq26uqo7l",
                "private_subnet_ids": [
                  "subnet-012de15d52a6d20df",
                  "subnet-06e2b81cae7cf8e74"
                ],
                "public_subnet_ids": [
                  "subnet-0980ed20ed6989222",
                  "subnet-0f63cf63afabbeece"
                ],
                "vpc_cidr_block": "10.0.0.0/16",
                "vpc_id": "vpc-0c35b68ecca51793c"
              },
              "type": [
                "object",
                {
                  "aws_service_discovery_private_dns_namespace_id": "string",
                  "etcd_service_discovery_arn": "string",
                  "private_subnet_ids": [
                    "tuple",
                    [
                      "string",
                      "string"
                    ]
                  ],
                  "public_subnet_ids": [
                    "tuple",
                    [
                      "string",
                      "string"
                    ]
                  ],
                  "vpc_cidr_block": "string",
                  "vpc_id": "string"
                }
              ]
            },
            "workspace": null
          },
          "sensitive_attributes": [],
          "identity_schema_version": 0
        }
      ]
    },
    {
      "mode": "managed",
      "type": "aws_cloudwatch_log_group",
      "name": "keto",
      "provider": "provider[\"registry.terraform.io/hashicorp/aws\"]",
      "instances": [
        {
          "schema_version": 0,
          "attributes": {
            "arn": "arn:aws:logs:us-east-1:867994182412:log-group:/ecs/keto",
            "deletion_protection_enabled": false,
            "id": "/ecs/keto",
            "kms_key_id": "",
            "log_group_class": "STANDARD",
            "name": "/ecs/keto",
            "name_prefix": "",
            "region": "us-east-1",
            "retention_in_days": 7,
            "skip_destroy": false,
            "tags": {
              "Environment": "sandbox",
              "Project": "pry"
            },
            "tags_all": {
              "Environment": "sandbox",
              "Project": "pry"
            }
          },
          "sensitive_attributes": [],
          "identity_schema_version": 0,
          "identity": {
            "account_id": "867994182412",
            "name": "/ecs/keto",
            "region": "us-east-1"
          },
          "private": "bnVsbA=="
        }
      ]
    },
    {
      "mode": "managed",
      "type": "aws_ecs_service",
      "name": "keto",
      "provider": "provider[\"registry.terraform.io/hashicorp/aws\"]",
      "instances": [
        {
          "schema_version": 1,
          "attributes": {
            "alarms": [],
            "arn": "arn:aws:ecs:us-east-1:867994182412:service/pry-sandbox-cluster/keto",
            "availability_zone_rebalancing": "ENABLED",
            "capacity_provider_strategy": [],
            "cluster": "pry-sandbox-cluster",
            "deployment_circuit_breaker": [
              {
                "enable": false,
                "rollback": false
              }
            ],
            "deployment_configuration": [
              {
                "bake_time_in_minutes": "0",
                "canary_configuration": [],
                "lifecycle_hook": [],
                "linear_configuration": [],
                "strategy": "ROLLING"
              }
            ],
            "deployment_controller": [
              {
                "type": "ECS"
              }
            ],
            "deployment_maximum_percent": 200,
            "deployment_minimum_healthy_percent": 100,
            "desired_count": 1,
            "enable_ecs_managed_tags": false,
            "enable_execute_command": false,
            "force_delete": null,
            "force_new_deployment": null,
            "health_check_grace_period_seconds": 0,
            "iam_role": "/aws-service-role/ecs.amazonaws.com/AWSServiceRoleForECS",
            "id": "arn:aws:ecs:us-east-1:867994182412:service/pry-sandbox-cluster/keto",
            "launch_type": "FARGATE",
            "load_balancer": [],
            "name": "keto",
            "network_configuration": [
              {
                "assign_public_ip": false,
                "security_groups": [
                  "sg-020422befb351b400"
                ],
                "subnets": [
                  "subnet-012de15d52a6d20df",
                  "subnet-06e2b81cae7cf8e74"
                ]
              }
            ],
            "ordered_placement_strategy": [],
            "placement_constraints": [],
            "platform_version": "LATEST",
            "propagate_tags": "NONE",
            "region": "us-east-1",
            "scheduling_strategy": "REPLICA",
            "service_connect_configuration": [],
            "service_registries": [
              {
                "container_name": "",
                "container_port": 0,
                "port": 0,
                "registry_arn": "arn:aws:servicediscovery:us-east-1:867994182412:service/srv-n6ciyyklw72o7t2i"
              }
            ],
            "sigint_rollback": null,
            "tags": {
              "Environment": "sandbox",
              "Project": "pry",
              "Service": "keto"
            },
            "tags_all": {
              "Environment": "sandbox",
              "Project": "pry",
              "Service": "keto"
            },
            "task_definition": "arn:aws:ecs:us-east-1:867994182412:task-definition/keto:1",
            "timeouts": null,
            "triggers": {},
            "volume_configuration": [],
            "vpc_lattice_configurations": [],
            "wait_for_steady_state": false
          },
          "sensitive_attributes": [],
          "identity_schema_version": 0,
          "private": "eyJlMmJmYjczMC1lY2FhLTExZTYtOGY4OC0zNDM2M2JjN2M0YzAiOnsiY3JlYXRlIjoxMjAwMDAwMDAwMDAwLCJkZWxldGUiOjEyMDAwMDAwMDAwMDAsInVwZGF0ZSI6MTIwMDAwMDAwMDAwMH0sInNjaGVtYV92ZXJzaW9uIjoiMSJ9",
          "dependencies": [
            "aws_cloudwatch_log_group.keto",
            "aws_ecs_task_definition.keto",
            "aws_security_group.keto",
            "aws_service_discovery_service.keto",
            "data.terraform_remote_state.ecs",
            "data.terraform_remote_state.etcd",
            "data.terraform_remote_state.gateway",
            "data.terraform_remote_state.vpc"
          ]
        }
      ]
    },
    {
      "mode": "managed",
      "type": "aws_ecs_task_definition",
      "name": "keto",
      "provider": "provider[\"registry.terraform.io/hashicorp/aws\"]",
      "instances": [
        {
          "schema_version": 1,
          "attributes": {
            "arn": "arn:aws:ecs:us-east-1:867994182412:task-definition/keto:1",
            "arn_without_revision": "arn:aws:ecs:us-east-1:867994182412:task-definition/keto",
            "container_definitions": "[{\"command\":[\"serve\",\"all\",\"--config\",\"/etc/config/keto.yml\"],\"environment\":[],\"essential\":true,\"image\":\"oryd/keto:v0.11.0-alpha.0\",\"logConfiguration\":{\"logDriver\":\"awslogs\",\"options\":{\"awslogs-stream-prefix\":\"keto\",\"awslogs-group\":\"/ecs/keto\",\"awslogs-region\":\"us-east-1\"}},\"mountPoints\":[{\"containerPath\":\"/etc/config\",\"readOnly\":true,\"sourceVolume\":\"efs-config-volume\"}],\"name\":\"keto\",\"portMappings\":[{\"containerPort\":4466,\"hostPort\":4466,\"protocol\":\"tcp\"},{\"containerPort\":4467,\"hostPort\":4467,\"protocol\":\"tcp\"}],\"systemControls\":[],\"volumesFrom\":[]}]",
            "cpu": "256",
            "enable_fault_injection": false,
            "ephemeral_storage": [],
            "execution_role_arn": "arn:aws:iam::867994182412:role/pry-sandbox-ecs-exec-role",
            "family": "keto",
            "id": "keto",
            "ipc_mode": "",
            "memory": "512",
            "network_mode": "awsvpc",
            "pid_mode": "",
            "placement_constraints": [],
            "proxy_configuration": [],
            "region": "us-east-1",
            "requires_compatibilities": [
              "FARGATE"
            ],
            "revision": 1,
            "runtime_platform": [],
            "skip_destroy": false,
            "tags": {
              "Environment": "sandbox",
              "Project": "pry",
              "Service": "keto"
            },
            "tags_all": {
              "Environment": "sandbox",
              "Project": "pry",
              "Service": "keto"
            },
            "task_role_arn": "arn:aws:iam::867994182412:role/pry-sandbox-ecs-task-role",
            "track_latest": false,
            "volume": [
              {
                "configure_at_launch": false,
                "docker_volume_configuration": [],
                "efs_volume_configuration": [
                  {
                    "authorization_config": [],
                    "file_system_id": "fs-0a873ec09ad271669",
                    "root_directory": "/keto",
                    "transit_encryption": "",
                    "transit_encryption_port": 0
                  }
                ],
                "fsx_windows_file_server_volume_configuration": [],
                "host_path": "",
                "name": "efs-config-volume"
              }
            ]
          },
          "sensitive_attributes": [],
          "identity_schema_version": 0,
          "private": "eyJzY2hlbWFfdmVyc2lvbiI6IjEifQ==",
          "dependencies": [
            "aws_cloudwatch_log_group.keto",
            "data.terraform_remote_state.ecs",
            "data.terraform_remote_state.etcd"
          ]
        }
      ]
    },
    {
      "mode": "managed",
      "type": "aws_security_group",
      "name": "keto",
      "provider": "provider[\"registry.terraform.io/hashicorp/aws\"]",
      "instances": [
        {
          "schema_version": 1,
          "attributes": {
            "arn": "arn:aws:ec2:us-east-1:867994182412:security-group/sg-020422befb351b400",
            "description": "Security Group for Keto Authorization Service",
            "egress": [
              {
                "cidr_blocks": [
                  "0.0.0.0/0"
                ],
                "description": "",
                "from_port": 0,
                "ipv6_cidr_blocks": [],
                "prefix_list_ids": [],
                "protocol": "-1",
                "security_groups": [],
                "self": false,
                "to_port": 0
              }
            ],
            "id": "sg-020422befb351b400",
            "ingress": [
              {
                "cidr_blocks": [],
                "description": "Allow Internal traffic to Keto APIs",
                "from_port": 4466,
                "ipv6_cidr_blocks": [],
                "prefix_list_ids": [],
                "protocol": "tcp",
                "security_groups": [
                  "sg-04e9a453b1f8b98e7"
                ],
                "self": false,
                "to_port": 4467
              }
            ],
            "name": "pry-keto-sg",
            "name_prefix": "",
            "owner_id": "867994182412",
            "region": "us-east-1",
            "revoke_rules_on_delete": false,
            "tags": {
              "Environment": "sandbox",
              "Name": "sg-keto",
              "Project": "pry"
            },
            "tags_all": {
              "Environment": "sandbox",
              "Name": "sg-keto",
              "Project": "pry"
            },
            "timeouts": null,
            "vpc_id": "vpc-0c35b68ecca51793c"
          },
          "sensitive_attributes": [],
          "identity_schema_version": 0,
          "identity": {
            "account_id": "867994182412",
            "id": "sg-020422befb351b400",
            "region": "us-east-1"
          },
          "private": "eyJlMmJmYjczMC1lY2FhLTExZTYtOGY4OC0zNDM2M2JjN2M0YzAiOnsiY3JlYXRlIjo2MDAwMDAwMDAwMDAsImRlbGV0ZSI6OTAwMDAwMDAwMDAwfSwic2NoZW1hX3ZlcnNpb24iOiIxIn0=",
          "dependencies": [
            "data.terraform_remote_state.gateway",
            "data.terraform_remote_state.vpc"
          ]
        }
      ]
    },
    {
      "mode": "managed",
      "type": "aws_service_discovery_service",
      "name": "keto",
      "provider": "provider[\"registry.terraform.io/hashicorp/aws\"]",
      "instances": [
        {
          "index_key": 0,
          "schema_version": 0,
          "attributes": {
            "arn": "arn:aws:servicediscovery:us-east-1:867994182412:service/srv-n6ciyyklw72o7t2i",
            "description": "",
            "dns_config": [
              {
                "dns_records": [
                  {
                    "ttl": 10,
                    "type": "A"
                  }
                ],
                "namespace_id": "ns-pr4emqxiswh6r2l5",
                "routing_policy": "MULTIVALUE"
              }
            ],
            "force_destroy": false,
            "health_check_config": [],
            "health_check_custom_config": [
              {
                "failure_threshold": 1
              }
            ],
            "id": "srv-n6ciyyklw72o7t2i",
            "name": "dns-keto",
            "namespace_id": "ns-pr4emqxiswh6r2l5",
            "region": "us-east-1",
            "tags": {
              "Environment": "sandbox",
              "Project": "pry",
              "Service": "dns-keto"
            },
            "tags_all": {
              "Environment": "sandbox",
              "Project": "pry",
              "Service": "dns-keto"
            },
            "type": "DNS_HTTP"
          },
          "sensitive_attributes": [],
          "identity_schema_version": 0,
          "private": "bnVsbA==",
          "dependencies": [
            "data.terraform_remote_state.vpc"
          ]
        }
      ]
    }
  ],
  "check_results": null
}
