{
  "version": 4,
  "terraform_version": "1.14.3",
  "serial": 10,
  "lineage": "44a4e063-cf25-27e6-0eff-095cb8e00b9c",
  "outputs": {},
  "resources": [
    {
      "mode": "data",
      "type": "aws_caller_identity",
      "name": "current",
      "provider": "provider[\"registry.terraform.io/hashicorp/aws\"]",
      "instances": [
        {
          "schema_version": 0,
          "attributes": {
            "account_id": "867994182412",
            "arn": "arn:aws:iam::867994182412:user/admin-pry",
            "id": "867994182412",
            "user_id": "AIDA4UGD4EMGDH3V32T37"
          },
          "sensitive_attributes": [],
          "identity_schema_version": 0
        }
      ]
    },
    {
      "mode": "data",
      "type": "terraform_remote_state",
      "name": "alb",
      "provider": "provider[\"terraform.io/builtin/terraform\"]",
      "instances": [
        {
          "schema_version": 0,
          "attributes": {
            "backend": "s3",
            "config": {
              "value": {
                "bucket": "zerotrust-iac-tfstate-us-east-1",
                "key": "platform/alb/terraform.tfstate",
                "region": "us-east-1"
              },
              "type": [
                "object",
                {
                  "bucket": "string",
                  "key": "string",
                  "region": "string"
                }
              ]
            },
            "defaults": null,
            "outputs": {
              "value": {
                "alb_arn": "arn:aws:elasticloadbalancing:us-east-1:867994182412:loadbalancer/app/pry-alb/6b05bdcf1d0fd119",
                "alb_dns_name": "pry-alb-1556440195.us-east-1.elb.amazonaws.com",
                "alb_listener_http_arn": "arn:aws:elasticloadbalancing:us-east-1:867994182412:listener/app/pry-alb/6b05bdcf1d0fd119/100af10e8cd3e977",
                "alb_security_group_id": "sg-01367fa309d036f72"
              },
              "type": [
                "object",
                {
                  "alb_arn": "string",
                  "alb_dns_name": "string",
                  "alb_listener_http_arn": "string",
                  "alb_security_group_id": "string"
                }
              ]
            },
            "workspace": null
          },
          "sensitive_attributes": [],
          "identity_schema_version": 0
        }
      ]
    },
    {
      "mode": "data",
      "type": "terraform_remote_state",
      "name": "ecs",
      "provider": "provider[\"terraform.io/builtin/terraform\"]",
      "instances": [
        {
          "schema_version": 0,
          "attributes": {
            "backend": "s3",
            "config": {
              "value": {
                "bucket": "zerotrust-iac-tfstate-us-east-1",
                "key": "platform/ecs/terraform.tfstate",
                "region": "us-east-1"
              },
              "type": [
                "object",
                {
                  "bucket": "string",
                  "key": "string",
                  "region": "string"
                }
              ]
            },
            "defaults": null,
            "outputs": {
              "value": {
                "ecs_cluster_name": "pry-sandbox-cluster",
                "ecs_log_group_name": "/ecs/pry/sandbox",
                "ecs_task_execution_role_arn": "arn:aws:iam::867994182412:role/pry-sandbox-ecs-exec-role",
                "ecs_task_role_arn": "arn:aws:iam::867994182412:role/pry-sandbox-ecs-task-role"
              },
              "type": [
                "object",
                {
                  "ecs_cluster_name": "string",
                  "ecs_log_group_name": "string",
                  "ecs_task_execution_role_arn": "string",
                  "ecs_task_role_arn": "string"
                }
              ]
            },
            "workspace": null
          },
          "sensitive_attributes": [],
          "identity_schema_version": 0
        }
      ]
    },
    {
      "mode": "data",
      "type": "terraform_remote_state",
      "name": "vpc",
      "provider": "provider[\"terraform.io/builtin/terraform\"]",
      "instances": [
        {
          "schema_version": 0,
          "attributes": {
            "backend": "s3",
            "config": {
              "value": {
                "bucket": "zerotrust-iac-tfstate-us-east-1",
                "key": "platform/vpc/terraform.tfstate",
                "region": "us-east-1"
              },
              "type": [
                "object",
                {
                  "bucket": "string",
                  "key": "string",
                  "region": "string"
                }
              ]
            },
            "defaults": null,
            "outputs": {
              "value": {
                "private_subnet_ids": [
                  "subnet-012de15d52a6d20df",
                  "subnet-06e2b81cae7cf8e74"
                ],
                "public_subnet_ids": [
                  "subnet-0980ed20ed6989222",
                  "subnet-0f63cf63afabbeece"
                ],
                "vpc_id": "vpc-0c35b68ecca51793c"
              },
              "type": [
                "object",
                {
                  "private_subnet_ids": [
                    "tuple",
                    [
                      "string",
                      "string"
                    ]
                  ],
                  "public_subnet_ids": [
                    "tuple",
                    [
                      "string",
                      "string"
                    ]
                  ],
                  "vpc_id": "string"
                }
              ]
            },
            "workspace": null
          },
          "sensitive_attributes": [],
          "identity_schema_version": 0
        }
      ]
    },
    {
      "mode": "managed",
      "type": "aws_cloudwatch_log_group",
      "name": "client_zero",
      "provider": "provider[\"registry.terraform.io/hashicorp/aws\"]",
      "instances": [
        {
          "schema_version": 0,
          "attributes": {
            "arn": "arn:aws:logs:us-east-1:867994182412:log-group:/ecs/pry/sandbox/client-zero",
            "deletion_protection_enabled": false,
            "id": "/ecs/pry/sandbox/client-zero",
            "kms_key_id": "",
            "log_group_class": "STANDARD",
            "name": "/ecs/pry/sandbox/client-zero",
            "name_prefix": "",
            "region": "us-east-1",
            "retention_in_days": 14,
            "skip_destroy": false,
            "tags": {
              "client_id": "client-zero",
              "component": "logs",
              "environment": "sandbox",
              "project": "pry"
            },
            "tags_all": {
              "client_id": "client-zero",
              "component": "logs",
              "environment": "sandbox",
              "project": "pry"
            }
          },
          "sensitive_attributes": [],
          "identity_schema_version": 0,
          "identity": {
            "account_id": "867994182412",
            "name": "/ecs/pry/sandbox/client-zero",
            "region": "us-east-1"
          },
          "private": "bnVsbA=="
        }
      ]
    },
    {
      "mode": "managed",
      "type": "aws_ecs_service",
      "name": "client_zero",
      "provider": "provider[\"registry.terraform.io/hashicorp/aws\"]",
      "instances": [
        {
          "schema_version": 1,
          "attributes": {
            "alarms": [],
            "arn": "arn:aws:ecs:us-east-1:867994182412:service/pry-sandbox-cluster/pry-client-zero-service",
            "availability_zone_rebalancing": "ENABLED",
            "capacity_provider_strategy": [],
            "cluster": "pry-sandbox-cluster",
            "deployment_circuit_breaker": [
              {
                "enable": false,
                "rollback": false
              }
            ],
            "deployment_configuration": [
              {
                "bake_time_in_minutes": "0",
                "canary_configuration": [],
                "lifecycle_hook": [],
                "linear_configuration": [],
                "strategy": "ROLLING"
              }
            ],
            "deployment_controller": [
              {
                "type": "ECS"
              }
            ],
            "deployment_maximum_percent": 200,
            "deployment_minimum_healthy_percent": 100,
            "desired_count": 1,
            "enable_ecs_managed_tags": false,
            "enable_execute_command": false,
            "force_delete": null,
            "force_new_deployment": null,
            "health_check_grace_period_seconds": 0,
            "iam_role": "/aws-service-role/ecs.amazonaws.com/AWSServiceRoleForECS",
            "id": "arn:aws:ecs:us-east-1:867994182412:service/pry-sandbox-cluster/pry-client-zero-service",
            "launch_type": "FARGATE",
            "load_balancer": [
              {
                "advanced_configuration": [],
                "container_name": "client-zero-container",
                "container_port": 80,
                "elb_name": "",
                "target_group_arn": "arn:aws:elasticloadbalancing:us-east-1:867994182412:targetgroup/tg-client-zero/4961f49032328867"
              }
            ],
            "name": "pry-client-zero-service",
            "network_configuration": [
              {
                "assign_public_ip": false,
                "security_groups": [
                  "sg-0ff645e7d94bf9112"
                ],
                "subnets": [
                  "subnet-012de15d52a6d20df",
                  "subnet-06e2b81cae7cf8e74"
                ]
              }
            ],
            "ordered_placement_strategy": [],
            "placement_constraints": [],
            "platform_version": "LATEST",
            "propagate_tags": "NONE",
            "region": "us-east-1",
            "scheduling_strategy": "REPLICA",
            "service_connect_configuration": [],
            "service_registries": [],
            "sigint_rollback": null,
            "tags": {
              "client_id": "client-zero",
              "component": "ecs-service",
              "environment": "sandbox",
              "project": "pry"
            },
            "tags_all": {
              "client_id": "client-zero",
              "component": "ecs-service",
              "environment": "sandbox",
              "project": "pry"
            },
            "task_definition": "arn:aws:ecs:us-east-1:867994182412:task-definition/pry-client-zero-task:1",
            "timeouts": null,
            "triggers": {},
            "volume_configuration": [],
            "vpc_lattice_configurations": [],
            "wait_for_steady_state": false
          },
          "sensitive_attributes": [],
          "identity_schema_version": 0,
          "private": "eyJlMmJmYjczMC1lY2FhLTExZTYtOGY4OC0zNDM2M2JjN2M0YzAiOnsiY3JlYXRlIjoxMjAwMDAwMDAwMDAwLCJkZWxldGUiOjEyMDAwMDAwMDAwMDAsInVwZGF0ZSI6MTIwMDAwMDAwMDAwMH0sInNjaGVtYV92ZXJzaW9uIjoiMSJ9",
          "dependencies": [
            "aws_cloudwatch_log_group.client_zero",
            "aws_ecs_task_definition.client_zero",
            "aws_lb_listener_rule.client_zero",
            "aws_lb_target_group.client_zero",
            "aws_security_group.client_zero",
            "data.aws_caller_identity.current",
            "data.terraform_remote_state.alb",
            "data.terraform_remote_state.ecs",
            "data.terraform_remote_state.vpc"
          ]
        }
      ]
    },
    {
      "mode": "managed",
      "type": "aws_ecs_task_definition",
      "name": "client_zero",
      "provider": "provider[\"registry.terraform.io/hashicorp/aws\"]",
      "instances": [
        {
          "schema_version": 1,
          "attributes": {
            "arn": "arn:aws:ecs:us-east-1:867994182412:task-definition/pry-client-zero-task:1",
            "arn_without_revision": "arn:aws:ecs:us-east-1:867994182412:task-definition/pry-client-zero-task",
            "container_definitions": "[{\"environment\":[{\"name\":\"CLIENT_ID\",\"value\":\"client-zero\"}],\"essential\":true,\"image\":\"867994182412.dkr.ecr.us-east-1.amazonaws.com/pry-client-zero:latest\",\"logConfiguration\":{\"logDriver\":\"awslogs\",\"options\":{\"awslogs-group\":\"/ecs/pry/sandbox/client-zero\",\"awslogs-region\":\"us-east-1\",\"awslogs-stream-prefix\":\"client-zero\"}},\"mountPoints\":[],\"name\":\"client-zero-container\",\"portMappings\":[{\"containerPort\":80,\"hostPort\":80,\"protocol\":\"tcp\"}],\"systemControls\":[],\"volumesFrom\":[]}]",
            "cpu": "256",
            "enable_fault_injection": false,
            "ephemeral_storage": [],
            "execution_role_arn": "arn:aws:iam::867994182412:role/pry-sandbox-ecs-exec-role",
            "family": "pry-client-zero-task",
            "id": "pry-client-zero-task",
            "ipc_mode": "",
            "memory": "512",
            "network_mode": "awsvpc",
            "pid_mode": "",
            "placement_constraints": [],
            "proxy_configuration": [],
            "region": "us-east-1",
            "requires_compatibilities": [
              "FARGATE"
            ],
            "revision": 1,
            "runtime_platform": [],
            "skip_destroy": false,
            "tags": {
              "client_id": "client-zero",
              "component": "task-definition",
              "environment": "sandbox",
              "project": "pry"
            },
            "tags_all": {
              "client_id": "client-zero",
              "component": "task-definition",
              "environment": "sandbox",
              "project": "pry"
            },
            "task_role_arn": "arn:aws:iam::867994182412:role/pry-sandbox-ecs-task-role",
            "track_latest": false,
            "volume": []
          },
          "sensitive_attributes": [],
          "identity_schema_version": 0,
          "private": "eyJzY2hlbWFfdmVyc2lvbiI6IjEifQ==",
          "dependencies": [
            "aws_cloudwatch_log_group.client_zero",
            "data.aws_caller_identity.current",
            "data.terraform_remote_state.ecs"
          ]
        }
      ]
    },
    {
      "mode": "managed",
      "type": "aws_lb_listener_rule",
      "name": "client_zero",
      "provider": "provider[\"registry.terraform.io/hashicorp/aws\"]",
      "instances": [
        {
          "schema_version": 0,
          "attributes": {
            "action": [
              {
                "authenticate_cognito": [],
                "authenticate_oidc": [],
                "fixed_response": [],
                "forward": [],
                "jwt_validation": [],
                "order": 1,
                "redirect": [],
                "target_group_arn": "arn:aws:elasticloadbalancing:us-east-1:867994182412:targetgroup/tg-client-zero/4961f49032328867",
                "type": "forward"
              }
            ],
            "arn": "arn:aws:elasticloadbalancing:us-east-1:867994182412:listener-rule/app/pry-alb/6b05bdcf1d0fd119/100af10e8cd3e977/33606032f0c67377",
            "condition": [
              {
                "host_header": [],
                "http_header": [],
                "http_request_method": [],
                "path_pattern": [
                  {
                    "regex_values": [],
                    "values": [
                      "/client-zero/*"
                    ]
                  }
                ],
                "query_string": [],
                "source_ip": []
              }
            ],
            "id": "arn:aws:elasticloadbalancing:us-east-1:867994182412:listener-rule/app/pry-alb/6b05bdcf1d0fd119/100af10e8cd3e977/33606032f0c67377",
            "listener_arn": "arn:aws:elasticloadbalancing:us-east-1:867994182412:listener/app/pry-alb/6b05bdcf1d0fd119/100af10e8cd3e977",
            "priority": 100,
            "region": "us-east-1",
            "tags": {
              "client_id": "client-zero",
              "component": "alb-rule",
              "environment": "sandbox",
              "project": "pry"
            },
            "tags_all": {
              "client_id": "client-zero",
              "component": "alb-rule",
              "environment": "sandbox",
              "project": "pry"
            },
            "transform": []
          },
          "sensitive_attributes": [],
          "identity_schema_version": 0,
          "identity": {
            "arn": "arn:aws:elasticloadbalancing:us-east-1:867994182412:listener-rule/app/pry-alb/6b05bdcf1d0fd119/100af10e8cd3e977/33606032f0c67377"
          },
          "private": "bnVsbA==",
          "dependencies": [
            "aws_lb_target_group.client_zero",
            "data.terraform_remote_state.alb",
            "data.terraform_remote_state.vpc"
          ]
        }
      ]
    },
    {
      "mode": "managed",
      "type": "aws_lb_target_group",
      "name": "client_zero",
      "provider": "provider[\"registry.terraform.io/hashicorp/aws\"]",
      "instances": [
        {
          "schema_version": 0,
          "attributes": {
            "arn": "arn:aws:elasticloadbalancing:us-east-1:867994182412:targetgroup/tg-client-zero/4961f49032328867",
            "arn_suffix": "targetgroup/tg-client-zero/4961f49032328867",
            "connection_termination": null,
            "deregistration_delay": "300",
            "health_check": [
              {
                "enabled": true,
                "healthy_threshold": 2,
                "interval": 30,
                "matcher": "200",
                "path": "/",
                "port": "traffic-port",
                "protocol": "HTTP",
                "timeout": 5,
                "unhealthy_threshold": 2
              }
            ],
            "id": "arn:aws:elasticloadbalancing:us-east-1:867994182412:targetgroup/tg-client-zero/4961f49032328867",
            "ip_address_type": "ipv4",
            "lambda_multi_value_headers_enabled": false,
            "load_balancer_arns": [],
            "load_balancing_algorithm_type": "round_robin",
            "load_balancing_anomaly_mitigation": "off",
            "load_balancing_cross_zone_enabled": "use_load_balancer_configuration",
            "name": "tg-client-zero",
            "name_prefix": "",
            "port": 80,
            "preserve_client_ip": null,
            "protocol": "HTTP",
            "protocol_version": "HTTP1",
            "proxy_protocol_v2": false,
            "region": "us-east-1",
            "slow_start": 0,
            "stickiness": [
              {
                "cookie_duration": 86400,
                "cookie_name": "",
                "enabled": false,
                "type": "lb_cookie"
              }
            ],
            "tags": {
              "client_id": "client-zero",
              "component": "target-group",
              "environment": "sandbox",
              "project": "pry"
            },
            "tags_all": {
              "client_id": "client-zero",
              "component": "target-group",
              "environment": "sandbox",
              "project": "pry"
            },
            "target_control_port": 0,
            "target_failover": [
              {
                "on_deregistration": null,
                "on_unhealthy": null
              }
            ],
            "target_group_health": [
              {
                "dns_failover": [
                  {
                    "minimum_healthy_targets_count": "1",
                    "minimum_healthy_targets_percentage": "off"
                  }
                ],
                "unhealthy_state_routing": [
                  {
                    "minimum_healthy_targets_count": 1,
                    "minimum_healthy_targets_percentage": "off"
                  }
                ]
              }
            ],
            "target_health_state": [
              {
                "enable_unhealthy_connection_termination": null,
                "unhealthy_draining_interval": null
              }
            ],
            "target_type": "ip",
            "vpc_id": "vpc-0c35b68ecca51793c"
          },
          "sensitive_attributes": [],
          "identity_schema_version": 0,
          "identity": {
            "arn": "arn:aws:elasticloadbalancing:us-east-1:867994182412:targetgroup/tg-client-zero/4961f49032328867"
          },
          "private": "bnVsbA==",
          "dependencies": [
            "data.terraform_remote_state.vpc"
          ]
        }
      ]
    },
    {
      "mode": "managed",
      "type": "aws_security_group",
      "name": "client_zero",
      "provider": "provider[\"registry.terraform.io/hashicorp/aws\"]",
      "instances": [
        {
          "schema_version": 1,
          "attributes": {
            "arn": "arn:aws:ec2:us-east-1:867994182412:security-group/sg-0ff645e7d94bf9112",
            "description": "SG for client-zero ECS service",
            "egress": [
              {
                "cidr_blocks": [
                  "0.0.0.0/0"
                ],
                "description": "",
                "from_port": 0,
                "ipv6_cidr_blocks": [],
                "prefix_list_ids": [],
                "protocol": "-1",
                "security_groups": [],
                "self": false,
                "to_port": 0
              }
            ],
            "id": "sg-0ff645e7d94bf9112",
            "ingress": [
              {
                "cidr_blocks": [],
                "description": "",
                "from_port": 80,
                "ipv6_cidr_blocks": [],
                "prefix_list_ids": [],
                "protocol": "tcp",
                "security_groups": [
                  "sg-01367fa309d036f72"
                ],
                "self": false,
                "to_port": 80
              }
            ],
            "name": "pry-client-zero-sg",
            "name_prefix": "",
            "owner_id": "867994182412",
            "region": "us-east-1",
            "revoke_rules_on_delete": false,
            "tags": {
              "client_id": "client-zero",
              "component": "security-group",
              "environment": "sandbox",
              "project": "pry"
            },
            "tags_all": {
              "client_id": "client-zero",
              "component": "security-group",
              "environment": "sandbox",
              "project": "pry"
            },
            "timeouts": null,
            "vpc_id": "vpc-0c35b68ecca51793c"
          },
          "sensitive_attributes": [],
          "identity_schema_version": 0,
          "identity": {
            "account_id": "867994182412",
            "id": "sg-0ff645e7d94bf9112",
            "region": "us-east-1"
          },
          "private": "eyJlMmJmYjczMC1lY2FhLTExZTYtOGY4OC0zNDM2M2JjN2M0YzAiOnsiY3JlYXRlIjo2MDAwMDAwMDAwMDAsImRlbGV0ZSI6OTAwMDAwMDAwMDAwfSwic2NoZW1hX3ZlcnNpb24iOiIxIn0=",
          "dependencies": [
            "data.terraform_remote_state.alb",
            "data.terraform_remote_state.vpc"
          ]
        }
      ]
    }
  ],
  "check_results": null
}
