{
  "version": 4,
  "terraform_version": "1.14.3",
  "serial": 42,
  "lineage": "0eefb41e-6148-5ece-f9f5-da5ca6c651c9",
  "outputs": {
    "aws_security_group_kratos": {
      "value": "sg-052248e1dedd1d592",
      "type": "string"
    }
  },
  "resources": [
    {
      "mode": "data",
      "type": "terraform_remote_state",
      "name": "ecs",
      "provider": "provider[\"terraform.io/builtin/terraform\"]",
      "instances": [
        {
          "schema_version": 0,
          "attributes": {
            "backend": "s3",
            "config": {
              "value": {
                "bucket": "zerotrust-iac-tfstate-us-east-1",
                "key": "platform/ecs/terraform.tfstate",
                "region": "us-east-1"
              },
              "type": [
                "object",
                {
                  "bucket": "string",
                  "key": "string",
                  "region": "string"
                }
              ]
            },
            "defaults": null,
            "outputs": {
              "value": {
                "ecs_cluster_name": "pry-sandbox-cluster",
                "ecs_log_group_name": "/ecs/pry/sandbox",
                "ecs_task_execution_role_arn": "arn:aws:iam::867994182412:role/pry-sandbox-ecs-exec-role",
                "ecs_task_role_arn": "arn:aws:iam::867994182412:role/pry-sandbox-ecs-task-role"
              },
              "type": [
                "object",
                {
                  "ecs_cluster_name": "string",
                  "ecs_log_group_name": "string",
                  "ecs_task_execution_role_arn": "string",
                  "ecs_task_role_arn": "string"
                }
              ]
            },
            "workspace": null
          },
          "sensitive_attributes": [],
          "identity_schema_version": 0
        }
      ]
    },
    {
      "mode": "data",
      "type": "terraform_remote_state",
      "name": "etcd",
      "provider": "provider[\"terraform.io/builtin/terraform\"]",
      "instances": [
        {
          "schema_version": 0,
          "attributes": {
            "backend": "s3",
            "config": {
              "value": {
                "bucket": "zerotrust-iac-tfstate-us-east-1",
                "key": "clients/etcd/terraform.tfstate",
                "region": "us-east-1"
              },
              "type": [
                "object",
                {
                  "bucket": "string",
                  "key": "string",
                  "region": "string"
                }
              ]
            },
            "defaults": null,
            "outputs": {
              "value": {
                "efs_id": "fs-0a873ec09ad271669",
                "etcd_endpoint": "http://pry-etcd-service:2379"
              },
              "type": [
                "object",
                {
                  "efs_id": "string",
                  "etcd_endpoint": "string"
                }
              ]
            },
            "workspace": null
          },
          "sensitive_attributes": [],
          "identity_schema_version": 0
        }
      ]
    },
    {
      "mode": "data",
      "type": "terraform_remote_state",
      "name": "gateway",
      "provider": "provider[\"terraform.io/builtin/terraform\"]",
      "instances": [
        {
          "schema_version": 0,
          "attributes": {
            "backend": "s3",
            "config": {
              "value": {
                "bucket": "zerotrust-iac-tfstate-us-east-1",
                "key": "clients/gateway/terraform.tfstate",
                "region": "us-east-1"
              },
              "type": [
                "object",
                {
                  "bucket": "string",
                  "key": "string",
                  "region": "string"
                }
              ]
            },
            "defaults": null,
            "outputs": {
              "value": {
                "gateway_nlb_dns": "nlb-gateway-5a281a456b0433f3.elb.us-east-1.amazonaws.com",
                "gateway_security_group_id": "sg-04e9a453b1f8b98e7"
              },
              "type": [
                "object",
                {
                  "gateway_nlb_dns": "string",
                  "gateway_security_group_id": "string"
                }
              ]
            },
            "workspace": null
          },
          "sensitive_attributes": [],
          "identity_schema_version": 0
        }
      ]
    },
    {
      "mode": "data",
      "type": "terraform_remote_state",
      "name": "vpc",
      "provider": "provider[\"terraform.io/builtin/terraform\"]",
      "instances": [
        {
          "schema_version": 0,
          "attributes": {
            "backend": "s3",
            "config": {
              "value": {
                "bucket": "zerotrust-iac-tfstate-us-east-1",
                "key": "platform/vpc/terraform.tfstate",
                "region": "us-east-1"
              },
              "type": [
                "object",
                {
                  "bucket": "string",
                  "key": "string",
                  "region": "string"
                }
              ]
            },
            "defaults": null,
            "outputs": {
              "value": {
                "aws_service_discovery_private_dns_namespace_id": "ns-pr4emqxiswh6r2l5",
                "etcd_service_discovery_arn": "arn:aws:servicediscovery:us-east-1:867994182412:service/srv-pc6nnnvkq26uqo7l",
                "private_subnet_ids": [
                  "subnet-012de15d52a6d20df",
                  "subnet-06e2b81cae7cf8e74"
                ],
                "public_subnet_ids": [
                  "subnet-0980ed20ed6989222",
                  "subnet-0f63cf63afabbeece"
                ],
                "vpc_id": "vpc-0c35b68ecca51793c"
              },
              "type": [
                "object",
                {
                  "aws_service_discovery_private_dns_namespace_id": "string",
                  "etcd_service_discovery_arn": "string",
                  "private_subnet_ids": [
                    "tuple",
                    [
                      "string",
                      "string"
                    ]
                  ],
                  "public_subnet_ids": [
                    "tuple",
                    [
                      "string",
                      "string"
                    ]
                  ],
                  "vpc_id": "string"
                }
              ]
            },
            "workspace": null
          },
          "sensitive_attributes": [],
          "identity_schema_version": 0
        }
      ]
    },
    {
      "mode": "managed",
      "type": "aws_cloudwatch_log_group",
      "name": "kratos",
      "provider": "provider[\"registry.terraform.io/hashicorp/aws\"]",
      "instances": [
        {
          "schema_version": 0,
          "attributes": {
            "arn": "arn:aws:logs:us-east-1:867994182412:log-group:/ecs/kratos",
            "deletion_protection_enabled": false,
            "id": "/ecs/kratos",
            "kms_key_id": "",
            "log_group_class": "STANDARD",
            "name": "/ecs/kratos",
            "name_prefix": "",
            "region": "us-east-1",
            "retention_in_days": 7,
            "skip_destroy": false,
            "tags": {
              "Environment": "sandbox",
              "Project": "pry"
            },
            "tags_all": {
              "Environment": "sandbox",
              "Project": "pry"
            }
          },
          "sensitive_attributes": [],
          "identity_schema_version": 0,
          "identity": {
            "account_id": "867994182412",
            "name": "/ecs/kratos",
            "region": "us-east-1"
          },
          "private": "bnVsbA=="
        }
      ]
    },
    {
      "mode": "managed",
      "type": "aws_ecr_lifecycle_policy",
      "name": "kratos",
      "provider": "provider[\"registry.terraform.io/hashicorp/aws\"]",
      "instances": [
        {
          "schema_version": 0,
          "attributes": {
            "id": "pry-sandbox-kratos",
            "policy": "{\"rules\":[{\"action\":{\"type\":\"expire\"},\"description\":\"Keep last 10 images\",\"rulePriority\":1,\"selection\":{\"countNumber\":10,\"countType\":\"imageCountMoreThan\",\"tagStatus\":\"any\"}}]}",
            "region": "us-east-1",
            "registry_id": "867994182412",
            "repository": "pry-sandbox-kratos"
          },
          "sensitive_attributes": [],
          "identity_schema_version": 0,
          "identity": {
            "account_id": "867994182412",
            "region": "us-east-1",
            "repository": "pry-sandbox-kratos"
          },
          "private": "bnVsbA==",
          "dependencies": [
            "aws_ecr_repository.kratos"
          ]
        }
      ]
    },
    {
      "mode": "managed",
      "type": "aws_ecr_repository",
      "name": "kratos",
      "provider": "provider[\"registry.terraform.io/hashicorp/aws\"]",
      "instances": [
        {
          "schema_version": 0,
          "attributes": {
            "arn": "arn:aws:ecr:us-east-1:867994182412:repository/pry-sandbox-kratos",
            "encryption_configuration": [
              {
                "encryption_type": "AES256",
                "kms_key": ""
              }
            ],
            "force_delete": null,
            "id": "pry-sandbox-kratos",
            "image_scanning_configuration": [
              {
                "scan_on_push": true
              }
            ],
            "image_tag_mutability": "MUTABLE",
            "image_tag_mutability_exclusion_filter": [],
            "name": "pry-sandbox-kratos",
            "region": "us-east-1",
            "registry_id": "867994182412",
            "repository_url": "867994182412.dkr.ecr.us-east-1.amazonaws.com/pry-sandbox-kratos",
            "tags": {
              "Environment": "sandbox",
              "Project": "pry",
              "Service": "kratos"
            },
            "tags_all": {
              "Environment": "sandbox",
              "Project": "pry",
              "Service": "kratos"
            },
            "timeouts": null
          },
          "sensitive_attributes": [],
          "identity_schema_version": 0,
          "identity": {
            "account_id": "867994182412",
            "name": "pry-sandbox-kratos",
            "region": "us-east-1"
          },
          "private": "eyJlMmJmYjczMC1lY2FhLTExZTYtOGY4OC0zNDM2M2JjN2M0YzAiOnsiZGVsZXRlIjoxMjAwMDAwMDAwMDAwfX0="
        }
      ]
    },
    {
      "mode": "managed",
      "type": "aws_ecs_service",
      "name": "kratos",
      "provider": "provider[\"registry.terraform.io/hashicorp/aws\"]",
      "instances": [
        {
          "schema_version": 1,
          "attributes": {
            "alarms": [],
            "arn": "arn:aws:ecs:us-east-1:867994182412:service/pry-sandbox-cluster/kratos",
            "availability_zone_rebalancing": "DISABLED",
            "capacity_provider_strategy": [],
            "cluster": "pry-sandbox-cluster",
            "deployment_circuit_breaker": [
              {
                "enable": false,
                "rollback": false
              }
            ],
            "deployment_configuration": [
              {
                "bake_time_in_minutes": "0",
                "canary_configuration": [],
                "lifecycle_hook": [],
                "linear_configuration": [],
                "strategy": "ROLLING"
              }
            ],
            "deployment_controller": [
              {
                "type": "ECS"
              }
            ],
            "deployment_maximum_percent": 100,
            "deployment_minimum_healthy_percent": 0,
            "desired_count": 1,
            "enable_ecs_managed_tags": false,
            "enable_execute_command": true,
            "force_delete": null,
            "force_new_deployment": null,
            "health_check_grace_period_seconds": 0,
            "iam_role": "/aws-service-role/ecs.amazonaws.com/AWSServiceRoleForECS",
            "id": "arn:aws:ecs:us-east-1:867994182412:service/pry-sandbox-cluster/kratos",
            "launch_type": "FARGATE",
            "load_balancer": [],
            "name": "kratos",
            "network_configuration": [
              {
                "assign_public_ip": false,
                "security_groups": [
                  "sg-052248e1dedd1d592"
                ],
                "subnets": [
                  "subnet-012de15d52a6d20df",
                  "subnet-06e2b81cae7cf8e74"
                ]
              }
            ],
            "ordered_placement_strategy": [],
            "placement_constraints": [],
            "platform_version": "LATEST",
            "propagate_tags": "NONE",
            "region": "us-east-1",
            "scheduling_strategy": "REPLICA",
            "service_connect_configuration": [],
            "service_registries": [
              {
                "container_name": "",
                "container_port": 0,
                "port": 0,
                "registry_arn": "arn:aws:servicediscovery:us-east-1:867994182412:service/srv-57xluedu75bz5465"
              }
            ],
            "sigint_rollback": null,
            "tags": {
              "Environment": "sandbox",
              "Project": "pry",
              "Service": "kratos"
            },
            "tags_all": {
              "Environment": "sandbox",
              "Project": "pry",
              "Service": "kratos"
            },
            "task_definition": "arn:aws:ecs:us-east-1:867994182412:task-definition/kratos:4",
            "timeouts": null,
            "triggers": {},
            "volume_configuration": [],
            "vpc_lattice_configurations": [],
            "wait_for_steady_state": false
          },
          "sensitive_attributes": [],
          "identity_schema_version": 0,
          "private": "eyJlMmJmYjczMC1lY2FhLTExZTYtOGY4OC0zNDM2M2JjN2M0YzAiOnsiY3JlYXRlIjoxMjAwMDAwMDAwMDAwLCJkZWxldGUiOjEyMDAwMDAwMDAwMDAsInVwZGF0ZSI6MTIwMDAwMDAwMDAwMH0sInNjaGVtYV92ZXJzaW9uIjoiMSJ9",
          "dependencies": [
            "aws_cloudwatch_log_group.kratos",
            "aws_ecr_repository.kratos",
            "aws_ecs_task_definition.kratos",
            "aws_iam_role.kratos_execution",
            "aws_iam_role.kratos_task",
            "aws_security_group.kratos",
            "aws_service_discovery_service.dns-kratos",
            "data.terraform_remote_state.ecs",
            "data.terraform_remote_state.etcd",
            "data.terraform_remote_state.gateway",
            "data.terraform_remote_state.vpc"
          ]
        }
      ]
    },
    {
      "mode": "managed",
      "type": "aws_ecs_task_definition",
      "name": "kratos",
      "provider": "provider[\"registry.terraform.io/hashicorp/aws\"]",
      "instances": [
        {
          "schema_version": 1,
          "attributes": {
            "arn": "arn:aws:ecs:us-east-1:867994182412:task-definition/kratos:4",
            "arn_without_revision": "arn:aws:ecs:us-east-1:867994182412:task-definition/kratos",
            "container_definitions": "[{\"command\":[\"kratos\",\"serve\",\"-c\",\"/etc/config/kratos.yaml\"],\"environment\":[{\"name\":\"KRATOS_CONFIG\",\"value\":\"/etc/config/kratos.yaml\"},{\"name\":\"KRATOS_DSN\",\"value\":\"postgres://kratos:CAMBIA_ESTE_PASSWORD@pry-sandbox-kratos.codq84ymujge.us-east-1.rds.amazonaws.com:5432/kratos?sslmode=require\"}],\"essential\":true,\"image\":\"867994182412.dkr.ecr.us-east-1.amazonaws.com/pry-sandbox-kratos:z1\",\"logConfiguration\":{\"logDriver\":\"awslogs\",\"options\":{\"awslogs-region\":\"us-east-1\",\"awslogs-stream-prefix\":\"kratos\",\"awslogs-group\":\"/ecs/kratos\"}},\"mountPoints\":[{\"containerPath\":\"/etc/config\",\"readOnly\":true,\"sourceVolume\":\"kratos-config\"}],\"name\":\"kratos\",\"portMappings\":[{\"containerPort\":4433,\"hostPort\":4433,\"protocol\":\"tcp\"},{\"containerPort\":4434,\"hostPort\":4434,\"protocol\":\"tcp\"}],\"systemControls\":[],\"volumesFrom\":[]}]",
            "cpu": "512",
            "enable_fault_injection": false,
            "ephemeral_storage": [],
            "execution_role_arn": "arn:aws:iam::867994182412:role/kratos-execution-role",
            "family": "kratos",
            "id": "kratos",
            "ipc_mode": "",
            "memory": "1024",
            "network_mode": "awsvpc",
            "pid_mode": "",
            "placement_constraints": [],
            "proxy_configuration": [],
            "region": "us-east-1",
            "requires_compatibilities": [
              "FARGATE"
            ],
            "revision": 4,
            "runtime_platform": [],
            "skip_destroy": false,
            "tags": {
              "Environment": "sandbox",
              "Project": "pry",
              "Service": "kratos"
            },
            "tags_all": {
              "Environment": "sandbox",
              "Project": "pry",
              "Service": "kratos"
            },
            "task_role_arn": "arn:aws:iam::867994182412:role/kratos-task-role",
            "track_latest": false,
            "volume": [
              {
                "configure_at_launch": false,
                "docker_volume_configuration": [],
                "efs_volume_configuration": [
                  {
                    "authorization_config": [],
                    "file_system_id": "fs-0a873ec09ad271669",
                    "root_directory": "/kratos",
                    "transit_encryption": "",
                    "transit_encryption_port": 0
                  }
                ],
                "fsx_windows_file_server_volume_configuration": [],
                "host_path": "",
                "name": "kratos-config"
              }
            ]
          },
          "sensitive_attributes": [],
          "identity_schema_version": 0,
          "private": "eyJzY2hlbWFfdmVyc2lvbiI6IjEifQ==",
          "dependencies": [
            "aws_cloudwatch_log_group.kratos",
            "aws_ecr_repository.kratos",
            "aws_iam_role.kratos_execution",
            "aws_iam_role.kratos_task",
            "data.terraform_remote_state.etcd"
          ]
        }
      ]
    },
    {
      "mode": "managed",
      "type": "aws_iam_role",
      "name": "kratos_execution",
      "provider": "provider[\"registry.terraform.io/hashicorp/aws\"]",
      "instances": [
        {
          "schema_version": 0,
          "attributes": {
            "arn": "arn:aws:iam::867994182412:role/kratos-execution-role",
            "assume_role_policy": "{\"Statement\":[{\"Action\":\"sts:AssumeRole\",\"Effect\":\"Allow\",\"Principal\":{\"Service\":\"ecs-tasks.amazonaws.com\"}}],\"Version\":\"2012-10-17\"}",
            "create_date": "2026-02-04T20:29:09Z",
            "description": "",
            "force_detach_policies": false,
            "id": "kratos-execution-role",
            "inline_policy": [],
            "managed_policy_arns": [
              "arn:aws:iam::aws:policy/service-role/AmazonECSTaskExecutionRolePolicy"
            ],
            "max_session_duration": 3600,
            "name": "kratos-execution-role",
            "name_prefix": "",
            "path": "/",
            "permissions_boundary": "",
            "tags": {},
            "tags_all": {},
            "unique_id": "AROA4UGD4EMGPAGXGFYJC"
          },
          "sensitive_attributes": [],
          "identity_schema_version": 0,
          "identity": {
            "account_id": "867994182412",
            "name": "kratos-execution-role"
          },
          "private": "bnVsbA=="
        }
      ]
    },
    {
      "mode": "managed",
      "type": "aws_iam_role",
      "name": "kratos_task",
      "provider": "provider[\"registry.terraform.io/hashicorp/aws\"]",
      "instances": [
        {
          "schema_version": 0,
          "attributes": {
            "arn": "arn:aws:iam::867994182412:role/kratos-task-role",
            "assume_role_policy": "{\"Statement\":[{\"Action\":\"sts:AssumeRole\",\"Effect\":\"Allow\",\"Principal\":{\"Service\":\"ecs-tasks.amazonaws.com\"}}],\"Version\":\"2012-10-17\"}",
            "create_date": "2026-02-04T20:29:09Z",
            "description": "",
            "force_detach_policies": false,
            "id": "kratos-task-role",
            "inline_policy": [],
            "managed_policy_arns": [],
            "max_session_duration": 3600,
            "name": "kratos-task-role",
            "name_prefix": "",
            "path": "/",
            "permissions_boundary": "",
            "tags": {},
            "tags_all": {},
            "unique_id": "AROA4UGD4EMGF6QD7CBI5"
          },
          "sensitive_attributes": [],
          "identity_schema_version": 0,
          "identity": {
            "account_id": "867994182412",
            "name": "kratos-task-role"
          },
          "private": "bnVsbA=="
        }
      ]
    },
    {
      "mode": "managed",
      "type": "aws_iam_role_policy_attachment",
      "name": "kratos_execution_policy",
      "provider": "provider[\"registry.terraform.io/hashicorp/aws\"]",
      "instances": [
        {
          "schema_version": 0,
          "attributes": {
            "id": "kratos-execution-role/arn:aws:iam::aws:policy/service-role/AmazonECSTaskExecutionRolePolicy",
            "policy_arn": "arn:aws:iam::aws:policy/service-role/AmazonECSTaskExecutionRolePolicy",
            "role": "kratos-execution-role"
          },
          "sensitive_attributes": [],
          "identity_schema_version": 0,
          "identity": {
            "account_id": "867994182412",
            "policy_arn": "arn:aws:iam::aws:policy/service-role/AmazonECSTaskExecutionRolePolicy",
            "role": "kratos-execution-role"
          },
          "private": "bnVsbA==",
          "dependencies": [
            "aws_iam_role.kratos_execution"
          ]
        }
      ]
    },
    {
      "mode": "managed",
      "type": "aws_security_group",
      "name": "kratos",
      "provider": "provider[\"registry.terraform.io/hashicorp/aws\"]",
      "instances": [
        {
          "schema_version": 1,
          "attributes": {
            "arn": "arn:aws:ec2:us-east-1:867994182412:security-group/sg-052248e1dedd1d592",
            "description": "Security Group for Ory Kratos",
            "egress": [
              {
                "cidr_blocks": [
                  "0.0.0.0/0"
                ],
                "description": "",
                "from_port": 0,
                "ipv6_cidr_blocks": [],
                "prefix_list_ids": [],
                "protocol": "-1",
                "security_groups": [],
                "self": false,
                "to_port": 0
              }
            ],
            "id": "sg-052248e1dedd1d592",
            "ingress": [
              {
                "cidr_blocks": [],
                "description": "Gateway to Kratos admin API (optional, lab)",
                "from_port": 4434,
                "ipv6_cidr_blocks": [],
                "prefix_list_ids": [],
                "protocol": "tcp",
                "security_groups": [
                  "sg-04e9a453b1f8b98e7"
                ],
                "self": false,
                "to_port": 4434
              },
              {
                "cidr_blocks": [],
                "description": "Gateway to Kratos public API",
                "from_port": 4433,
                "ipv6_cidr_blocks": [],
                "prefix_list_ids": [],
                "protocol": "tcp",
                "security_groups": [
                  "sg-04e9a453b1f8b98e7"
                ],
                "self": false,
                "to_port": 4433
              }
            ],
            "name": "pry-kratos-sg",
            "name_prefix": "",
            "owner_id": "867994182412",
            "region": "us-east-1",
            "revoke_rules_on_delete": false,
            "tags": {
              "component": "security-group",
              "environment": "sandbox",
              "project": "pry",
              "service": "kratos"
            },
            "tags_all": {
              "component": "security-group",
              "environment": "sandbox",
              "project": "pry",
              "service": "kratos"
            },
            "timeouts": null,
            "vpc_id": "vpc-0c35b68ecca51793c"
          },
          "sensitive_attributes": [],
          "identity_schema_version": 0,
          "identity": {
            "account_id": "867994182412",
            "id": "sg-052248e1dedd1d592",
            "region": "us-east-1"
          },
          "private": "eyJlMmJmYjczMC1lY2FhLTExZTYtOGY4OC0zNDM2M2JjN2M0YzAiOnsiY3JlYXRlIjo2MDAwMDAwMDAwMDAsImRlbGV0ZSI6OTAwMDAwMDAwMDAwfSwic2NoZW1hX3ZlcnNpb24iOiIxIn0=",
          "dependencies": [
            "data.terraform_remote_state.gateway",
            "data.terraform_remote_state.vpc"
          ]
        }
      ]
    },
    {
      "mode": "managed",
      "type": "aws_service_discovery_service",
      "name": "dns-kratos",
      "provider": "provider[\"registry.terraform.io/hashicorp/aws\"]",
      "instances": [
        {
          "index_key": 0,
          "schema_version": 0,
          "attributes": {
            "arn": "arn:aws:servicediscovery:us-east-1:867994182412:service/srv-57xluedu75bz5465",
            "description": "",
            "dns_config": [
              {
                "dns_records": [
                  {
                    "ttl": 10,
                    "type": "A"
                  }
                ],
                "namespace_id": "ns-pr4emqxiswh6r2l5",
                "routing_policy": "MULTIVALUE"
              }
            ],
            "force_destroy": false,
            "health_check_config": [],
            "health_check_custom_config": [
              {
                "failure_threshold": 1
              }
            ],
            "id": "srv-57xluedu75bz5465",
            "name": "dns-kratos",
            "namespace_id": "ns-pr4emqxiswh6r2l5",
            "region": "us-east-1",
            "tags": {
              "Environment": "sandbox",
              "Project": "pry",
              "Service": "dns-kratos"
            },
            "tags_all": {
              "Environment": "sandbox",
              "Project": "pry",
              "Service": "dns-kratos"
            },
            "type": "DNS_HTTP"
          },
          "sensitive_attributes": [],
          "identity_schema_version": 0,
          "private": "bnVsbA==",
          "dependencies": [
            "data.terraform_remote_state.vpc"
          ]
        }
      ]
    }
  ],
  "check_results": null
}
