{
  "version": 4,
  "terraform_version": "1.14.3",
  "serial": 18,
  "lineage": "5e5af287-fbb8-df5a-e34e-7f1724ea3c02",
  "outputs": {
    "etcd_endpoint": {
      "value": "http://pry-etcd-service:2379",
      "type": "string"
    }
  },
  "resources": [
    {
      "mode": "data",
      "type": "terraform_remote_state",
      "name": "ecs",
      "provider": "provider[\"terraform.io/builtin/terraform\"]",
      "instances": [
        {
          "schema_version": 0,
          "attributes": {
            "backend": "s3",
            "config": {
              "value": {
                "bucket": "zerotrust-iac-tfstate-us-east-1",
                "key": "platform/ecs/terraform.tfstate",
                "region": "us-east-1"
              },
              "type": [
                "object",
                {
                  "bucket": "string",
                  "key": "string",
                  "region": "string"
                }
              ]
            },
            "defaults": null,
            "outputs": {
              "value": {
                "ecs_cluster_name": "pry-sandbox-cluster",
                "ecs_log_group_name": "/ecs/pry/sandbox",
                "ecs_task_execution_role_arn": "arn:aws:iam::867994182412:role/pry-sandbox-ecs-exec-role",
                "ecs_task_role_arn": "arn:aws:iam::867994182412:role/pry-sandbox-ecs-task-role"
              },
              "type": [
                "object",
                {
                  "ecs_cluster_name": "string",
                  "ecs_log_group_name": "string",
                  "ecs_task_execution_role_arn": "string",
                  "ecs_task_role_arn": "string"
                }
              ]
            },
            "workspace": null
          },
          "sensitive_attributes": [],
          "identity_schema_version": 0
        }
      ]
    },
    {
      "mode": "data",
      "type": "terraform_remote_state",
      "name": "vpc",
      "provider": "provider[\"terraform.io/builtin/terraform\"]",
      "instances": [
        {
          "schema_version": 0,
          "attributes": {
            "backend": "s3",
            "config": {
              "value": {
                "bucket": "zerotrust-iac-tfstate-us-east-1",
                "key": "platform/vpc/terraform.tfstate",
                "region": "us-east-1"
              },
              "type": [
                "object",
                {
                  "bucket": "string",
                  "key": "string",
                  "region": "string"
                }
              ]
            },
            "defaults": null,
            "outputs": {
              "value": {
                "private_subnet_ids": [
                  "subnet-012de15d52a6d20df",
                  "subnet-06e2b81cae7cf8e74"
                ],
                "public_subnet_ids": [
                  "subnet-0980ed20ed6989222",
                  "subnet-0f63cf63afabbeece"
                ],
                "vpc_id": "vpc-0c35b68ecca51793c"
              },
              "type": [
                "object",
                {
                  "private_subnet_ids": [
                    "tuple",
                    [
                      "string",
                      "string"
                    ]
                  ],
                  "public_subnet_ids": [
                    "tuple",
                    [
                      "string",
                      "string"
                    ]
                  ],
                  "vpc_id": "string"
                }
              ]
            },
            "workspace": null
          },
          "sensitive_attributes": [],
          "identity_schema_version": 0
        }
      ]
    },
    {
      "mode": "managed",
      "type": "aws_cloudwatch_log_group",
      "name": "etcd",
      "provider": "provider[\"registry.terraform.io/hashicorp/aws\"]",
      "instances": [
        {
          "schema_version": 0,
          "attributes": {
            "arn": "arn:aws:logs:us-east-1:867994182412:log-group:/ecs/pry-etcd",
            "deletion_protection_enabled": false,
            "id": "/ecs/pry-etcd",
            "kms_key_id": "",
            "log_group_class": "STANDARD",
            "name": "/ecs/pry-etcd",
            "name_prefix": "",
            "region": "us-east-1",
            "retention_in_days": 14,
            "skip_destroy": false,
            "tags": {
              "environment": "sandbox",
              "project": "pry",
              "service": "etcd"
            },
            "tags_all": {
              "environment": "sandbox",
              "project": "pry",
              "service": "etcd"
            }
          },
          "sensitive_attributes": [],
          "identity_schema_version": 0,
          "identity": {
            "account_id": "867994182412",
            "name": "/ecs/pry-etcd",
            "region": "us-east-1"
          },
          "private": "bnVsbA=="
        }
      ]
    },
    {
      "mode": "managed",
      "type": "aws_ecs_service",
      "name": "etcd",
      "provider": "provider[\"registry.terraform.io/hashicorp/aws\"]",
      "instances": [
        {
          "schema_version": 1,
          "attributes": {
            "alarms": [],
            "arn": "arn:aws:ecs:us-east-1:867994182412:service/pry-sandbox-cluster/pry-etcd-service",
            "availability_zone_rebalancing": "ENABLED",
            "capacity_provider_strategy": [],
            "cluster": "pry-sandbox-cluster",
            "deployment_circuit_breaker": [
              {
                "enable": false,
                "rollback": false
              }
            ],
            "deployment_configuration": [
              {
                "bake_time_in_minutes": "0",
                "canary_configuration": [],
                "lifecycle_hook": [],
                "linear_configuration": [],
                "strategy": "ROLLING"
              }
            ],
            "deployment_controller": [
              {
                "type": "ECS"
              }
            ],
            "deployment_maximum_percent": 200,
            "deployment_minimum_healthy_percent": 100,
            "desired_count": 1,
            "enable_ecs_managed_tags": false,
            "enable_execute_command": true,
            "force_delete": null,
            "force_new_deployment": null,
            "health_check_grace_period_seconds": 0,
            "iam_role": "/aws-service-role/ecs.amazonaws.com/AWSServiceRoleForECS",
            "id": "arn:aws:ecs:us-east-1:867994182412:service/pry-sandbox-cluster/pry-etcd-service",
            "launch_type": "FARGATE",
            "load_balancer": [],
            "name": "pry-etcd-service",
            "network_configuration": [
              {
                "assign_public_ip": false,
                "security_groups": [
                  "sg-0e3ef62c0850d04b3"
                ],
                "subnets": [
                  "subnet-012de15d52a6d20df",
                  "subnet-06e2b81cae7cf8e74"
                ]
              }
            ],
            "ordered_placement_strategy": [],
            "placement_constraints": [],
            "platform_version": "LATEST",
            "propagate_tags": "NONE",
            "region": "us-east-1",
            "scheduling_strategy": "REPLICA",
            "service_connect_configuration": [],
            "service_registries": [],
            "sigint_rollback": null,
            "tags": {
              "environment": "sandbox",
              "project": "pry",
              "service": "etcd"
            },
            "tags_all": {
              "environment": "sandbox",
              "project": "pry",
              "service": "etcd"
            },
            "task_definition": "arn:aws:ecs:us-east-1:867994182412:task-definition/pry-etcd-task:2",
            "timeouts": null,
            "triggers": {},
            "volume_configuration": [],
            "vpc_lattice_configurations": [],
            "wait_for_steady_state": false
          },
          "sensitive_attributes": [],
          "identity_schema_version": 0,
          "private": "eyJlMmJmYjczMC1lY2FhLTExZTYtOGY4OC0zNDM2M2JjN2M0YzAiOnsiY3JlYXRlIjoxMjAwMDAwMDAwMDAwLCJkZWxldGUiOjEyMDAwMDAwMDAwMDAsInVwZGF0ZSI6MTIwMDAwMDAwMDAwMH0sInNjaGVtYV92ZXJzaW9uIjoiMSJ9",
          "dependencies": [
            "aws_cloudwatch_log_group.etcd",
            "aws_ecs_task_definition.etcd",
            "aws_efs_file_system.etcd",
            "aws_security_group.etcd",
            "data.terraform_remote_state.ecs",
            "data.terraform_remote_state.vpc"
          ]
        }
      ]
    },
    {
      "mode": "managed",
      "type": "aws_ecs_task_definition",
      "name": "etcd",
      "provider": "provider[\"registry.terraform.io/hashicorp/aws\"]",
      "instances": [
        {
          "schema_version": 1,
          "attributes": {
            "arn": "arn:aws:ecs:us-east-1:867994182412:task-definition/pry-etcd-task:2",
            "arn_without_revision": "arn:aws:ecs:us-east-1:867994182412:task-definition/pry-etcd-task",
            "container_definitions": "[{\"command\":[\"etcd\",\"--data-dir=/etcd-data\",\"--listen-client-urls=http://0.0.0.0:2379\",\"--advertise-client-urls=http://127.0.0.1:2379\"],\"environment\":[],\"essential\":true,\"image\":\"quay.io/coreos/etcd:v3.5.12\",\"logConfiguration\":{\"logDriver\":\"awslogs\",\"options\":{\"awslogs-region\":\"us-east-1\",\"awslogs-stream-prefix\":\"etcd\",\"awslogs-group\":\"/ecs/pry-etcd\"}},\"mountPoints\":[{\"containerPath\":\"/etcd-data\",\"readOnly\":false,\"sourceVolume\":\"etcd-data\"}],\"name\":\"etcd\",\"portMappings\":[{\"containerPort\":2379,\"hostPort\":2379,\"protocol\":\"tcp\"}],\"systemControls\":[],\"volumesFrom\":[]}]",
            "cpu": "256",
            "enable_fault_injection": false,
            "ephemeral_storage": [],
            "execution_role_arn": "arn:aws:iam::867994182412:role/pry-sandbox-ecs-exec-role",
            "family": "pry-etcd-task",
            "id": "pry-etcd-task",
            "ipc_mode": "",
            "memory": "512",
            "network_mode": "awsvpc",
            "pid_mode": "",
            "placement_constraints": [],
            "proxy_configuration": [],
            "region": "us-east-1",
            "requires_compatibilities": [
              "FARGATE"
            ],
            "revision": 2,
            "runtime_platform": [],
            "skip_destroy": false,
            "tags": {},
            "tags_all": {},
            "task_role_arn": "arn:aws:iam::867994182412:role/pry-sandbox-ecs-task-role",
            "track_latest": false,
            "volume": [
              {
                "configure_at_launch": false,
                "docker_volume_configuration": [],
                "efs_volume_configuration": [
                  {
                    "authorization_config": [],
                    "file_system_id": "fs-072ba651ccb7c7124",
                    "root_directory": "/",
                    "transit_encryption": "",
                    "transit_encryption_port": 0
                  }
                ],
                "fsx_windows_file_server_volume_configuration": [],
                "host_path": "",
                "name": "etcd-data"
              }
            ]
          },
          "sensitive_attributes": [],
          "identity_schema_version": 0,
          "private": "eyJzY2hlbWFfdmVyc2lvbiI6IjEifQ==",
          "dependencies": [
            "aws_cloudwatch_log_group.etcd",
            "aws_efs_file_system.etcd",
            "data.terraform_remote_state.ecs"
          ]
        }
      ]
    },
    {
      "mode": "managed",
      "type": "aws_efs_file_system",
      "name": "etcd",
      "provider": "provider[\"registry.terraform.io/hashicorp/aws\"]",
      "instances": [
        {
          "schema_version": 0,
          "attributes": {
            "arn": "arn:aws:elasticfilesystem:us-east-1:867994182412:file-system/fs-072ba651ccb7c7124",
            "availability_zone_id": "",
            "availability_zone_name": "",
            "creation_token": "terraform-20260202155824448700000001",
            "dns_name": "fs-072ba651ccb7c7124.efs.us-east-1.amazonaws.com",
            "encrypted": true,
            "id": "fs-072ba651ccb7c7124",
            "kms_key_id": "arn:aws:kms:us-east-1:867994182412:key/194be599-a9ab-4370-bb72-4a6bda4cd14f",
            "lifecycle_policy": [],
            "name": "",
            "number_of_mount_targets": 2,
            "owner_id": "867994182412",
            "performance_mode": "generalPurpose",
            "protection": [
              {
                "replication_overwrite": "ENABLED"
              }
            ],
            "provisioned_throughput_in_mibps": 0,
            "region": "us-east-1",
            "size_in_bytes": [
              {
                "value": 71680,
                "value_in_ia": 0,
                "value_in_standard": 71680
              }
            ],
            "tags": {
              "environment": "sandbox",
              "project": "pry",
              "service": "etcd"
            },
            "tags_all": {
              "environment": "sandbox",
              "project": "pry",
              "service": "etcd"
            },
            "throughput_mode": "bursting"
          },
          "sensitive_attributes": [],
          "identity_schema_version": 0,
          "private": "bnVsbA=="
        }
      ]
    },
    {
      "mode": "managed",
      "type": "aws_efs_mount_target",
      "name": "etcd",
      "provider": "provider[\"registry.terraform.io/hashicorp/aws\"]",
      "instances": [
        {
          "index_key": "subnet-012de15d52a6d20df",
          "schema_version": 0,
          "attributes": {
            "availability_zone_id": "use1-az1",
            "availability_zone_name": "us-east-1a",
            "dns_name": "fs-072ba651ccb7c7124.efs.us-east-1.amazonaws.com",
            "file_system_arn": "arn:aws:elasticfilesystem:us-east-1:867994182412:file-system/fs-072ba651ccb7c7124",
            "file_system_id": "fs-072ba651ccb7c7124",
            "id": "fsmt-05b945a006941de28",
            "ip_address": "10.0.101.235",
            "ip_address_type": "IPV4_ONLY",
            "ipv6_address": "",
            "mount_target_dns_name": "us-east-1a.fs-072ba651ccb7c7124.efs.us-east-1.amazonaws.com",
            "network_interface_id": "eni-0cd75fc065b87076f",
            "owner_id": "867994182412",
            "region": "us-east-1",
            "security_groups": [
              "sg-0e3ef62c0850d04b3"
            ],
            "subnet_id": "subnet-012de15d52a6d20df",
            "timeouts": null
          },
          "sensitive_attributes": [],
          "identity_schema_version": 0,
          "private": "eyJlMmJmYjczMC1lY2FhLTExZTYtOGY4OC0zNDM2M2JjN2M0YzAiOnsiY3JlYXRlIjoxODAwMDAwMDAwMDAwLCJkZWxldGUiOjYwMDAwMDAwMDAwMH19",
          "dependencies": [
            "aws_efs_file_system.etcd",
            "aws_security_group.etcd",
            "data.terraform_remote_state.vpc"
          ]
        },
        {
          "index_key": "subnet-06e2b81cae7cf8e74",
          "schema_version": 0,
          "attributes": {
            "availability_zone_id": "use1-az2",
            "availability_zone_name": "us-east-1b",
            "dns_name": "fs-072ba651ccb7c7124.efs.us-east-1.amazonaws.com",
            "file_system_arn": "arn:aws:elasticfilesystem:us-east-1:867994182412:file-system/fs-072ba651ccb7c7124",
            "file_system_id": "fs-072ba651ccb7c7124",
            "id": "fsmt-05f89279d9567eeb0",
            "ip_address": "10.0.102.50",
            "ip_address_type": "IPV4_ONLY",
            "ipv6_address": "",
            "mount_target_dns_name": "us-east-1b.fs-072ba651ccb7c7124.efs.us-east-1.amazonaws.com",
            "network_interface_id": "eni-046243f0a846af7b6",
            "owner_id": "867994182412",
            "region": "us-east-1",
            "security_groups": [
              "sg-0e3ef62c0850d04b3"
            ],
            "subnet_id": "subnet-06e2b81cae7cf8e74",
            "timeouts": null
          },
          "sensitive_attributes": [],
          "identity_schema_version": 0,
          "private": "eyJlMmJmYjczMC1lY2FhLTExZTYtOGY4OC0zNDM2M2JjN2M0YzAiOnsiY3JlYXRlIjoxODAwMDAwMDAwMDAwLCJkZWxldGUiOjYwMDAwMDAwMDAwMH19",
          "dependencies": [
            "aws_efs_file_system.etcd",
            "aws_security_group.etcd",
            "data.terraform_remote_state.vpc"
          ]
        }
      ]
    },
    {
      "mode": "managed",
      "type": "aws_security_group",
      "name": "etcd",
      "provider": "provider[\"registry.terraform.io/hashicorp/aws\"]",
      "instances": [
        {
          "schema_version": 1,
          "attributes": {
            "arn": "arn:aws:ec2:us-east-1:867994182412:security-group/sg-0e3ef62c0850d04b3",
            "description": "etcd internal access (sandbox)",
            "egress": [
              {
                "cidr_blocks": [
                  "0.0.0.0/0"
                ],
                "description": "",
                "from_port": 0,
                "ipv6_cidr_blocks": [],
                "prefix_list_ids": [],
                "protocol": "-1",
                "security_groups": [],
                "self": false,
                "to_port": 0
              }
            ],
            "id": "sg-0e3ef62c0850d04b3",
            "ingress": [
              {
                "cidr_blocks": [
                  "0.0.0.0/0"
                ],
                "description": "NFS from ECS tasks",
                "from_port": 2049,
                "ipv6_cidr_blocks": [],
                "prefix_list_ids": [],
                "protocol": "tcp",
                "security_groups": [],
                "self": false,
                "to_port": 2049
              }
            ],
            "name": "pry-etcd-sg",
            "name_prefix": "",
            "owner_id": "867994182412",
            "region": "us-east-1",
            "revoke_rules_on_delete": false,
            "tags": {
              "environment": "sandbox",
              "project": "pry",
              "service": "etcd"
            },
            "tags_all": {
              "environment": "sandbox",
              "project": "pry",
              "service": "etcd"
            },
            "timeouts": null,
            "vpc_id": "vpc-0c35b68ecca51793c"
          },
          "sensitive_attributes": [],
          "identity_schema_version": 0,
          "identity": {
            "account_id": "867994182412",
            "id": "sg-0e3ef62c0850d04b3",
            "region": "us-east-1"
          },
          "private": "eyJlMmJmYjczMC1lY2FhLTExZTYtOGY4OC0zNDM2M2JjN2M0YzAiOnsiY3JlYXRlIjo2MDAwMDAwMDAwMDAsImRlbGV0ZSI6OTAwMDAwMDAwMDAwfSwic2NoZW1hX3ZlcnNpb24iOiIxIn0=",
          "dependencies": [
            "data.terraform_remote_state.vpc"
          ]
        }
      ]
    }
  ],
  "check_results": null
}
